// !$*UTF8*$!
{
	archiveVersion = 1;
	classes = {
	};
	objectVersion = 55;
	objects = {

/* Begin PBXBuildFile section */
		7D42245C273810E1006236F8 /* CinemaTVApp.swift in Sources */ = {isa = PBXBuildFile; fileRef = 7D42245B273810E1006236F8 /* CinemaTVApp.swift */; };
		7D42245E273810E1006236F8 /* ContentView.swift in Sources */ = {isa = PBXBuildFile; fileRef = 7D42245D273810E1006236F8 /* ContentView.swift */; };
		7D422460273810E2006236F8 /* Assets.xcassets in Resources */ = {isa = PBXBuildFile; fileRef = 7D42245F273810E2006236F8 /* Assets.xcassets */; };
		7D422463273810E2006236F8 /* Preview Assets.xcassets in Resources */ = {isa = PBXBuildFile; fileRef = 7D422462273810E2006236F8 /* Preview Assets.xcassets */; };
		7D422465273810E2006236F8 /* Persistence.swift in Sources */ = {isa = PBXBuildFile; fileRef = 7D422464273810E2006236F8 /* Persistence.swift */; };
		7D422468273810E2006236F8 /* CinemaTV.xcdatamodeld in Sources */ = {isa = PBXBuildFile; fileRef = 7D422466273810E2006236F8 /* CinemaTV.xcdatamodeld */; };
		7D422472273810E2006236F8 /* CinemaTVTests.swift in Sources */ = {isa = PBXBuildFile; fileRef = 7D422471273810E2006236F8 /* CinemaTVTests.swift */; };
		7D42247C273810E2006236F8 /* CinemaTVUITests.swift in Sources */ = {isa = PBXBuildFile; fileRef = 7D42247B273810E2006236F8 /* CinemaTVUITests.swift */; };
		7D42247E273810E2006236F8 /* CinemaTVUITestsLaunchTests.swift in Sources */ = {isa = PBXBuildFile; fileRef = 7D42247D273810E2006236F8 /* CinemaTVUITestsLaunchTests.swift */; };
		7D42248E273811A7006236F8 /* DiscoverMovie.swift in Sources */ = {isa = PBXBuildFile; fileRef = 7D42248D273811A7006236F8 /* DiscoverMovie.swift */; };
		7D42249127381255006236F8 /* Constants.swift in Sources */ = {isa = PBXBuildFile; fileRef = 7D42249027381255006236F8 /* Constants.swift */; };
		7D42249527381348006236F8 /* MoviesEndpoint.swift in Sources */ = {isa = PBXBuildFile; fileRef = 7D42249427381348006236F8 /* MoviesEndpoint.swift */; };
		7D4224972738136E006236F8 /* MoviesService.swift in Sources */ = {isa = PBXBuildFile; fileRef = 7D4224962738136E006236F8 /* MoviesService.swift */; };
		7D42249B273814D8006236F8 /* HomeView.swift in Sources */ = {isa = PBXBuildFile; fileRef = 7D42249A273814D8006236F8 /* HomeView.swift */; };
		7D42249C2738150E006236F8 /* APIServiceError.swift in Sources */ = {isa = PBXBuildFile; fileRef = 7D422498273813E6006236F8 /* APIServiceError.swift */; };
		7D42249E27381DB5006236F8 /* DiscoverMoviesView.swift in Sources */ = {isa = PBXBuildFile; fileRef = 7D42249D27381DB5006236F8 /* DiscoverMoviesView.swift */; };
		7D4224A027381E83006236F8 /* MovieStub.swift in Sources */ = {isa = PBXBuildFile; fileRef = 7D42249F27381E83006236F8 /* MovieStub.swift */; };
		7D4224A2273821F7006236F8 /* MovieCell.swift in Sources */ = {isa = PBXBuildFile; fileRef = 7D4224A1273821F7006236F8 /* MovieCell.swift */; };
		7D4224A72738266D006236F8 /* HomeViewModel.swift in Sources */ = {isa = PBXBuildFile; fileRef = 7D4224A62738266D006236F8 /* HomeViewModel.swift */; };
		7DF3C920273961BB0072598F /* CarouselMoviesView.swift in Sources */ = {isa = PBXBuildFile; fileRef = 7DF3C91F273961BB0072598F /* CarouselMoviesView.swift */; };
		FF3937F727C6E3310082FF42 /* MoviesListService.swift in Sources */ = {isa = PBXBuildFile; fileRef = FF3937F627C6E3310082FF42 /* MoviesListService.swift */; };
		FF3937F927C6E40C0082FF42 /* MoviesListViewModel.swift in Sources */ = {isa = PBXBuildFile; fileRef = FF3937F827C6E40C0082FF42 /* MoviesListViewModel.swift */; };
		FF394E3927D0FE7400FFBDFC /* MovieService.swift in Sources */ = {isa = PBXBuildFile; fileRef = FF394E3827D0FE7400FFBDFC /* MovieService.swift */; };
		FF394E3B27D1010500FFBDFC /* MovieStore.swift in Sources */ = {isa = PBXBuildFile; fileRef = FF394E3A27D1010500FFBDFC /* MovieStore.swift */; };
		FF394E3D27D101EF00FFBDFC /* Utils.swift in Sources */ = {isa = PBXBuildFile; fileRef = FF394E3C27D101EF00FFBDFC /* Utils.swift */; };
		FF394E4027D10AC300FFBDFC /* ImageLoader.swift in Sources */ = {isa = PBXBuildFile; fileRef = FF394E3F27D10AC300FFBDFC /* ImageLoader.swift */; };
		FF4D52C8280CA74500EBEFD3 /* PopularMovies.swift in Sources */ = {isa = PBXBuildFile; fileRef = FF4D52C7280CA74500EBEFD3 /* PopularMovies.swift */; };
		FF4D52CC280CA88800EBEFD3 /* TopVotedMovies.swift in Sources */ = {isa = PBXBuildFile; fileRef = FF4D52CB280CA88800EBEFD3 /* TopVotedMovies.swift */; };
		FF4DDD7B27C333250049CAFA /* MoviesListView.swift in Sources */ = {isa = PBXBuildFile; fileRef = FF4DDD7A27C333250049CAFA /* MoviesListView.swift */; };
		FF4DDD7D27C335F60049CAFA /* MoviesListCell.swift in Sources */ = {isa = PBXBuildFile; fileRef = FF4DDD7C27C335F60049CAFA /* MoviesListCell.swift */; };
		FF6496AC280C89AB001BC28F /* UpcomingMovies.swift in Sources */ = {isa = PBXBuildFile; fileRef = FF6496AB280C89AB001BC28F /* UpcomingMovies.swift */; };
		FF6496AE280C8B38001BC28F /* NowPlayingMovies.swift in Sources */ = {isa = PBXBuildFile; fileRef = FF6496AD280C8B38001BC28F /* NowPlayingMovies.swift */; };
		FF84717927628F74007B57D9 /* VideosView.swift in Sources */ = {isa = PBXBuildFile; fileRef = FF84717827628F74007B57D9 /* VideosView.swift */; };
		FF84C79A27512B980098193C /* CastView.swift in Sources */ = {isa = PBXBuildFile; fileRef = FF84C79927512B980098193C /* CastView.swift */; };
		FF84C79C275135A10098193C /* CastModel.swift in Sources */ = {isa = PBXBuildFile; fileRef = FF84C79B275135A10098193C /* CastModel.swift */; };
		FF84C79E275138510098193C /* CastStub.swift in Sources */ = {isa = PBXBuildFile; fileRef = FF84C79D275138510098193C /* CastStub.swift */; };
		FF84C7A027513B5D0098193C /* CastCell.swift in Sources */ = {isa = PBXBuildFile; fileRef = FF84C79F27513B5D0098193C /* CastCell.swift */; };
		FF84C7A3275158A30098193C /* CastService.swift in Sources */ = {isa = PBXBuildFile; fileRef = FF84C7A2275158A30098193C /* CastService.swift */; };
		FF9156FA2749C94600AF74C3 /* DetailMoviesModel.swift in Sources */ = {isa = PBXBuildFile; fileRef = FF9156F92749C94600AF74C3 /* DetailMoviesModel.swift */; };
		FF9156FF2749CC3500AF74C3 /* DetailMovieViewModel.swift in Sources */ = {isa = PBXBuildFile; fileRef = FF9156FE2749CC3500AF74C3 /* DetailMovieViewModel.swift */; };
		FF9157012749D15A00AF74C3 /* DetailView.swift in Sources */ = {isa = PBXBuildFile; fileRef = FF9157002749D15A00AF74C3 /* DetailView.swift */; };
		FFEF0ADA275E8F1600D5593C /* CinemaTVProgressView.swift in Sources */ = {isa = PBXBuildFile; fileRef = FFEF0AD9275E8F1600D5593C /* CinemaTVProgressView.swift */; };
		FFEF0ADD275EAEF700D5593C /* Kingfisher in Frameworks */ = {isa = PBXBuildFile; productRef = FFEF0ADC275EAEF700D5593C /* Kingfisher */; };
		FFEF0AE6275FA6F400D5593C /* TrailersView.swift in Sources */ = {isa = PBXBuildFile; fileRef = FFEF0AE5275FA6F400D5593C /* TrailersView.swift */; };
		FFEF0AEC275FBBF700D5593C /* VideoModel.swift in Sources */ = {isa = PBXBuildFile; fileRef = FFEF0AEB275FBBF700D5593C /* VideoModel.swift */; };
/* End PBXBuildFile section */

/* Begin PBXContainerItemProxy section */
		7D42246E273810E2006236F8 /* PBXContainerItemProxy */ = {
			isa = PBXContainerItemProxy;
			containerPortal = 7D422450273810E1006236F8 /* Project object */;
			proxyType = 1;
			remoteGlobalIDString = 7D422457273810E1006236F8;
			remoteInfo = CinemaTV;
		};
		7D422478273810E2006236F8 /* PBXContainerItemProxy */ = {
			isa = PBXContainerItemProxy;
			containerPortal = 7D422450273810E1006236F8 /* Project object */;
			proxyType = 1;
			remoteGlobalIDString = 7D422457273810E1006236F8;
			remoteInfo = CinemaTV;
		};
/* End PBXContainerItemProxy section */

/* Begin PBXFileReference section */
		7D422458273810E1006236F8 /* CinemaTV.app */ = {isa = PBXFileReference; explicitFileType = wrapper.application; includeInIndex = 0; path = CinemaTV.app; sourceTree = BUILT_PRODUCTS_DIR; };
		7D42245B273810E1006236F8 /* CinemaTVApp.swift */ = {isa = PBXFileReference; lastKnownFileType = sourcecode.swift; path = CinemaTVApp.swift; sourceTree = "<group>"; };
		7D42245D273810E1006236F8 /* ContentView.swift */ = {isa = PBXFileReference; lastKnownFileType = sourcecode.swift; path = ContentView.swift; sourceTree = "<group>"; };
		7D42245F273810E2006236F8 /* Assets.xcassets */ = {isa = PBXFileReference; lastKnownFileType = folder.assetcatalog; path = Assets.xcassets; sourceTree = "<group>"; };
		7D422462273810E2006236F8 /* Preview Assets.xcassets */ = {isa = PBXFileReference; lastKnownFileType = folder.assetcatalog; path = "Preview Assets.xcassets"; sourceTree = "<group>"; };
		7D422464273810E2006236F8 /* Persistence.swift */ = {isa = PBXFileReference; lastKnownFileType = sourcecode.swift; path = Persistence.swift; sourceTree = "<group>"; };
		7D422467273810E2006236F8 /* CinemaTV.xcdatamodel */ = {isa = PBXFileReference; lastKnownFileType = wrapper.xcdatamodel; path = CinemaTV.xcdatamodel; sourceTree = "<group>"; };
		7D42246D273810E2006236F8 /* CinemaTVTests.xctest */ = {isa = PBXFileReference; explicitFileType = wrapper.cfbundle; includeInIndex = 0; path = CinemaTVTests.xctest; sourceTree = BUILT_PRODUCTS_DIR; };
		7D422471273810E2006236F8 /* CinemaTVTests.swift */ = {isa = PBXFileReference; lastKnownFileType = sourcecode.swift; path = CinemaTVTests.swift; sourceTree = "<group>"; };
		7D422477273810E2006236F8 /* CinemaTVUITests.xctest */ = {isa = PBXFileReference; explicitFileType = wrapper.cfbundle; includeInIndex = 0; path = CinemaTVUITests.xctest; sourceTree = BUILT_PRODUCTS_DIR; };
		7D42247B273810E2006236F8 /* CinemaTVUITests.swift */ = {isa = PBXFileReference; lastKnownFileType = sourcecode.swift; path = CinemaTVUITests.swift; sourceTree = "<group>"; };
		7D42247D273810E2006236F8 /* CinemaTVUITestsLaunchTests.swift */ = {isa = PBXFileReference; lastKnownFileType = sourcecode.swift; path = CinemaTVUITestsLaunchTests.swift; sourceTree = "<group>"; };
		7D42248D273811A7006236F8 /* DiscoverMovie.swift */ = {isa = PBXFileReference; lastKnownFileType = sourcecode.swift; path = DiscoverMovie.swift; sourceTree = "<group>"; };
		7D42249027381255006236F8 /* Constants.swift */ = {isa = PBXFileReference; lastKnownFileType = sourcecode.swift; path = Constants.swift; sourceTree = "<group>"; };
		7D42249427381348006236F8 /* MoviesEndpoint.swift */ = {isa = PBXFileReference; lastKnownFileType = sourcecode.swift; path = MoviesEndpoint.swift; sourceTree = "<group>"; };
		7D4224962738136E006236F8 /* MoviesService.swift */ = {isa = PBXFileReference; lastKnownFileType = sourcecode.swift; path = MoviesService.swift; sourceTree = "<group>"; };
		7D422498273813E6006236F8 /* APIServiceError.swift */ = {isa = PBXFileReference; lastKnownFileType = sourcecode.swift; path = APIServiceError.swift; sourceTree = "<group>"; };
		7D42249A273814D8006236F8 /* HomeView.swift */ = {isa = PBXFileReference; lastKnownFileType = sourcecode.swift; path = HomeView.swift; sourceTree = "<group>"; };
		7D42249D27381DB5006236F8 /* DiscoverMoviesView.swift */ = {isa = PBXFileReference; lastKnownFileType = sourcecode.swift; path = DiscoverMoviesView.swift; sourceTree = "<group>"; };
		7D42249F27381E83006236F8 /* MovieStub.swift */ = {isa = PBXFileReference; lastKnownFileType = sourcecode.swift; path = MovieStub.swift; sourceTree = "<group>"; };
		7D4224A1273821F7006236F8 /* MovieCell.swift */ = {isa = PBXFileReference; lastKnownFileType = sourcecode.swift; path = MovieCell.swift; sourceTree = "<group>"; };
		7D4224A62738266D006236F8 /* HomeViewModel.swift */ = {isa = PBXFileReference; lastKnownFileType = sourcecode.swift; path = HomeViewModel.swift; sourceTree = "<group>"; };
		7DF3C91F273961BB0072598F /* CarouselMoviesView.swift */ = {isa = PBXFileReference; lastKnownFileType = sourcecode.swift; path = CarouselMoviesView.swift; sourceTree = "<group>"; };
		FF3937F627C6E3310082FF42 /* MoviesListService.swift */ = {isa = PBXFileReference; lastKnownFileType = sourcecode.swift; path = MoviesListService.swift; sourceTree = "<group>"; };
		FF3937F827C6E40C0082FF42 /* MoviesListViewModel.swift */ = {isa = PBXFileReference; lastKnownFileType = sourcecode.swift; path = MoviesListViewModel.swift; sourceTree = "<group>"; };
		FF394E3827D0FE7400FFBDFC /* MovieService.swift */ = {isa = PBXFileReference; lastKnownFileType = sourcecode.swift; path = MovieService.swift; sourceTree = "<group>"; };
		FF394E3A27D1010500FFBDFC /* MovieStore.swift */ = {isa = PBXFileReference; lastKnownFileType = sourcecode.swift; path = MovieStore.swift; sourceTree = "<group>"; };
		FF394E3C27D101EF00FFBDFC /* Utils.swift */ = {isa = PBXFileReference; lastKnownFileType = sourcecode.swift; path = Utils.swift; sourceTree = "<group>"; };
		FF394E3F27D10AC300FFBDFC /* ImageLoader.swift */ = {isa = PBXFileReference; lastKnownFileType = sourcecode.swift; path = ImageLoader.swift; sourceTree = "<group>"; };
		FF4D52C7280CA74500EBEFD3 /* PopularMovies.swift */ = {isa = PBXFileReference; lastKnownFileType = sourcecode.swift; path = PopularMovies.swift; sourceTree = "<group>"; };
		FF4D52CB280CA88800EBEFD3 /* TopVotedMovies.swift */ = {isa = PBXFileReference; lastKnownFileType = sourcecode.swift; path = TopVotedMovies.swift; sourceTree = "<group>"; };
		FF4DDD7A27C333250049CAFA /* MoviesListView.swift */ = {isa = PBXFileReference; lastKnownFileType = sourcecode.swift; path = MoviesListView.swift; sourceTree = "<group>"; };
		FF4DDD7C27C335F60049CAFA /* MoviesListCell.swift */ = {isa = PBXFileReference; lastKnownFileType = sourcecode.swift; path = MoviesListCell.swift; sourceTree = "<group>"; };
		FF6496AB280C89AB001BC28F /* UpcomingMovies.swift */ = {isa = PBXFileReference; lastKnownFileType = sourcecode.swift; path = UpcomingMovies.swift; sourceTree = "<group>"; };
		FF6496AD280C8B38001BC28F /* NowPlayingMovies.swift */ = {isa = PBXFileReference; lastKnownFileType = sourcecode.swift; path = NowPlayingMovies.swift; sourceTree = "<group>"; };
		FF84717827628F74007B57D9 /* VideosView.swift */ = {isa = PBXFileReference; lastKnownFileType = sourcecode.swift; path = VideosView.swift; sourceTree = "<group>"; };
		FF84C79927512B980098193C /* CastView.swift */ = {isa = PBXFileReference; lastKnownFileType = sourcecode.swift; path = CastView.swift; sourceTree = "<group>"; };
		FF84C79B275135A10098193C /* CastModel.swift */ = {isa = PBXFileReference; lastKnownFileType = sourcecode.swift; path = CastModel.swift; sourceTree = "<group>"; };
		FF84C79D275138510098193C /* CastStub.swift */ = {isa = PBXFileReference; lastKnownFileType = sourcecode.swift; path = CastStub.swift; sourceTree = "<group>"; };
		FF84C79F27513B5D0098193C /* CastCell.swift */ = {isa = PBXFileReference; lastKnownFileType = sourcecode.swift; path = CastCell.swift; sourceTree = "<group>"; };
		FF84C7A2275158A30098193C /* CastService.swift */ = {isa = PBXFileReference; lastKnownFileType = sourcecode.swift; path = CastService.swift; sourceTree = "<group>"; };
		FF9156F92749C94600AF74C3 /* DetailMoviesModel.swift */ = {isa = PBXFileReference; lastKnownFileType = sourcecode.swift; path = DetailMoviesModel.swift; sourceTree = "<group>"; };
		FF9156FE2749CC3500AF74C3 /* DetailMovieViewModel.swift */ = {isa = PBXFileReference; lastKnownFileType = sourcecode.swift; path = DetailMovieViewModel.swift; sourceTree = "<group>"; };
		FF9157002749D15A00AF74C3 /* DetailView.swift */ = {isa = PBXFileReference; lastKnownFileType = sourcecode.swift; path = DetailView.swift; sourceTree = "<group>"; };
		FFEF0AD9275E8F1600D5593C /* CinemaTVProgressView.swift */ = {isa = PBXFileReference; lastKnownFileType = sourcecode.swift; path = CinemaTVProgressView.swift; sourceTree = "<group>"; };
		FFEF0AE5275FA6F400D5593C /* TrailersView.swift */ = {isa = PBXFileReference; lastKnownFileType = sourcecode.swift; path = TrailersView.swift; sourceTree = "<group>"; };
		FFEF0AEB275FBBF700D5593C /* VideoModel.swift */ = {isa = PBXFileReference; lastKnownFileType = sourcecode.swift; path = VideoModel.swift; sourceTree = "<group>"; };
/* End PBXFileReference section */

/* Begin PBXFrameworksBuildPhase section */
		7D422455273810E1006236F8 /* Frameworks */ = {
			isa = PBXFrameworksBuildPhase;
			buildActionMask = 2147483647;
			files = (
				FFEF0ADD275EAEF700D5593C /* Kingfisher in Frameworks */,
			);
			runOnlyForDeploymentPostprocessing = 0;
		};
		7D42246A273810E2006236F8 /* Frameworks */ = {
			isa = PBXFrameworksBuildPhase;
			buildActionMask = 2147483647;
			files = (
			);
			runOnlyForDeploymentPostprocessing = 0;
		};
		7D422474273810E2006236F8 /* Frameworks */ = {
			isa = PBXFrameworksBuildPhase;
			buildActionMask = 2147483647;
			files = (
			);
			runOnlyForDeploymentPostprocessing = 0;
		};
/* End PBXFrameworksBuildPhase section */

/* Begin PBXGroup section */
		7D42244F273810E1006236F8 = {
			isa = PBXGroup;
			children = (
				7D42245A273810E1006236F8 /* CinemaTV */,
				7D422470273810E2006236F8 /* CinemaTVTests */,
				7D42247A273810E2006236F8 /* CinemaTVUITests */,
				7D422459273810E1006236F8 /* Products */,
			);
			sourceTree = "<group>";
		};
		7D422459273810E1006236F8 /* Products */ = {
			isa = PBXGroup;
			children = (
				7D422458273810E1006236F8 /* CinemaTV.app */,
				7D42246D273810E2006236F8 /* CinemaTVTests.xctest */,
				7D422477273810E2006236F8 /* CinemaTVUITests.xctest */,
			);
			name = Products;
			sourceTree = "<group>";
		};
		7D42245A273810E1006236F8 /* CinemaTV */ = {
			isa = PBXGroup;
			children = (
				FF394E3E27D10AA700FFBDFC /* Bindings */,
				FFEF0ADE275FA63700D5593C /* Components */,
				FFEF0AD8275E8D9B00D5593C /* Utils */,
				7D42248F27381247006236F8 /* Share */,
				7D42248A2738117B006236F8 /* Home */,
				FF9156F42749C6FC00AF74C3 /* Detail */,
				FF3937F227C6E2AA0082FF42 /* MoviesList */,
				7D42245F273810E2006236F8 /* Assets.xcassets */,
				7D42245B273810E1006236F8 /* CinemaTVApp.swift */,
				7D422464273810E2006236F8 /* Persistence.swift */,
				7D422466273810E2006236F8 /* CinemaTV.xcdatamodeld */,
				7D422461273810E2006236F8 /* Preview Content */,
			);
			path = CinemaTV;
			sourceTree = "<group>";
		};
		7D422461273810E2006236F8 /* Preview Content */ = {
			isa = PBXGroup;
			children = (
				7D422462273810E2006236F8 /* Preview Assets.xcassets */,
			);
			path = "Preview Content";
			sourceTree = "<group>";
		};
		7D422470273810E2006236F8 /* CinemaTVTests */ = {
			isa = PBXGroup;
			children = (
				7D422471273810E2006236F8 /* CinemaTVTests.swift */,
			);
			path = CinemaTVTests;
			sourceTree = "<group>";
		};
		7D42247A273810E2006236F8 /* CinemaTVUITests */ = {
			isa = PBXGroup;
			children = (
				7D42247B273810E2006236F8 /* CinemaTVUITests.swift */,
				7D42247D273810E2006236F8 /* CinemaTVUITestsLaunchTests.swift */,
			);
			path = CinemaTVUITests;
			sourceTree = "<group>";
		};
		7D42248A2738117B006236F8 /* Home */ = {
			isa = PBXGroup;
			children = (
				7D4224A527382657006236F8 /* ViewModel */,
				7D4224922738131C006236F8 /* Service */,
				7D42248C27381190006236F8 /* Model */,
				7D42248B2738118A006236F8 /* Views */,
			);
			path = Home;
			sourceTree = "<group>";
		};
		7D42248B2738118A006236F8 /* Views */ = {
			isa = PBXGroup;
			children = (
				7D42245D273810E1006236F8 /* ContentView.swift */,
				7D42249A273814D8006236F8 /* HomeView.swift */,
				7D42249D27381DB5006236F8 /* DiscoverMoviesView.swift */,
				7DF3C91F273961BB0072598F /* CarouselMoviesView.swift */,
			);
			path = Views;
			sourceTree = "<group>";
		};
		7D42248C27381190006236F8 /* Model */ = {
			isa = PBXGroup;
			children = (
				7D42248D273811A7006236F8 /* DiscoverMovie.swift */,
				FF6496AB280C89AB001BC28F /* UpcomingMovies.swift */,
				FF6496AD280C8B38001BC28F /* NowPlayingMovies.swift */,
				FF4D52C7280CA74500EBEFD3 /* PopularMovies.swift */,
				FF4D52CB280CA88800EBEFD3 /* TopVotedMovies.swift */,
			);
			path = Model;
			sourceTree = "<group>";
		};
		7D42248F27381247006236F8 /* Share */ = {
			isa = PBXGroup;
			children = (
				7D42249027381255006236F8 /* Constants.swift */,
				7D422498273813E6006236F8 /* APIServiceError.swift */,
				7D42249F27381E83006236F8 /* MovieStub.swift */,
				FF84C79D275138510098193C /* CastStub.swift */,
			);
			path = Share;
			sourceTree = "<group>";
		};
		7D4224922738131C006236F8 /* Service */ = {
			isa = PBXGroup;
			children = (
				7D42249327381320006236F8 /* Endpoint */,
				7D4224962738136E006236F8 /* MoviesService.swift */,
				FF394E3827D0FE7400FFBDFC /* MovieService.swift */,
				FF394E3A27D1010500FFBDFC /* MovieStore.swift */,
			);
			path = Service;
			sourceTree = "<group>";
		};
		7D42249327381320006236F8 /* Endpoint */ = {
			isa = PBXGroup;
			children = (
				7D42249427381348006236F8 /* MoviesEndpoint.swift */,
			);
			path = Endpoint;
			sourceTree = "<group>";
		};
		7D4224A527382657006236F8 /* ViewModel */ = {
			isa = PBXGroup;
			children = (
				7D4224A62738266D006236F8 /* HomeViewModel.swift */,
			);
			path = ViewModel;
			sourceTree = "<group>";
		};
		FF3937F227C6E2AA0082FF42 /* MoviesList */ = {
			isa = PBXGroup;
			children = (
				FF3937F527C6E2E10082FF42 /* ViewModel */,
				FF3937F427C6E2DC0082FF42 /* Service */,
				FF3937F327C6E2CB0082FF42 /* Views */,
			);
			path = MoviesList;
			sourceTree = "<group>";
		};
		FF3937F327C6E2CB0082FF42 /* Views */ = {
			isa = PBXGroup;
			children = (
				FF4DDD7A27C333250049CAFA /* MoviesListView.swift */,
				FF4DDD7C27C335F60049CAFA /* MoviesListCell.swift */,
				7D4224A1273821F7006236F8 /* MovieCell.swift */,
			);
			path = Views;
			sourceTree = "<group>";
		};
		FF3937F427C6E2DC0082FF42 /* Service */ = {
			isa = PBXGroup;
			children = (
				FF3937F627C6E3310082FF42 /* MoviesListService.swift */,
			);
			path = Service;
			sourceTree = "<group>";
		};
		FF3937F527C6E2E10082FF42 /* ViewModel */ = {
			isa = PBXGroup;
			children = (
				FF3937F827C6E40C0082FF42 /* MoviesListViewModel.swift */,
			);
			path = ViewModel;
			sourceTree = "<group>";
		};
		FF394E3E27D10AA700FFBDFC /* Bindings */ = {
			isa = PBXGroup;
			children = (
				FF394E3F27D10AC300FFBDFC /* ImageLoader.swift */,
			);
			path = Bindings;
			sourceTree = "<group>";
		};
		FF9156F42749C6FC00AF74C3 /* Detail */ = {
			isa = PBXGroup;
			children = (
				FF9156F82749C8A500AF74C3 /* Model */,
				FF9156F62749C88F00AF74C3 /* ViewModel */,
				FF9156F52749C71500AF74C3 /* Views */,
			);
			path = Detail;
			sourceTree = "<group>";
		};
		FF9156F52749C71500AF74C3 /* Views */ = {
			isa = PBXGroup;
			children = (
				FF9157002749D15A00AF74C3 /* DetailView.swift */,
			);
			path = Views;
			sourceTree = "<group>";
		};
		FF9156F62749C88F00AF74C3 /* ViewModel */ = {
			isa = PBXGroup;
			children = (
				FF9156FE2749CC3500AF74C3 /* DetailMovieViewModel.swift */,
			);
			path = ViewModel;
			sourceTree = "<group>";
		};
		FF9156F82749C8A500AF74C3 /* Model */ = {
			isa = PBXGroup;
			children = (
				FF9156F92749C94600AF74C3 /* DetailMoviesModel.swift */,
			);
			path = Model;
			sourceTree = "<group>";
		};
		FFEF0AD8275E8D9B00D5593C /* Utils */ = {
			isa = PBXGroup;
			children = (
				FFEF0AD9275E8F1600D5593C /* CinemaTVProgressView.swift */,
				FF394E3C27D101EF00FFBDFC /* Utils.swift */,
			);
			path = Utils;
			sourceTree = "<group>";
		};
		FFEF0ADE275FA63700D5593C /* Components */ = {
			isa = PBXGroup;
			children = (
				FFEF0AE3275FA6D600D5593C /* Videos */,
				FFEF0ADF275FA65D00D5593C /* CastCarousel */,
			);
			path = Components;
			sourceTree = "<group>";
		};
		FFEF0ADF275FA65D00D5593C /* CastCarousel */ = {
			isa = PBXGroup;
			children = (
				FFEF0AE2275FA67400D5593C /* Service */,
				FFEF0AE1275FA67000D5593C /* Model */,
				FFEF0AE0275FA66B00D5593C /* Views */,
			);
			path = CastCarousel;
			sourceTree = "<group>";
		};
		FFEF0AE0275FA66B00D5593C /* Views */ = {
			isa = PBXGroup;
			children = (
				FF84C79927512B980098193C /* CastView.swift */,
				FF84C79F27513B5D0098193C /* CastCell.swift */,
			);
			path = Views;
			sourceTree = "<group>";
		};
		FFEF0AE1275FA67000D5593C /* Model */ = {
			isa = PBXGroup;
			children = (
				FF84C79B275135A10098193C /* CastModel.swift */,
			);
			path = Model;
			sourceTree = "<group>";
		};
		FFEF0AE2275FA67400D5593C /* Service */ = {
			isa = PBXGroup;
			children = (
				FF84C7A2275158A30098193C /* CastService.swift */,
			);
			path = Service;
			sourceTree = "<group>";
		};
		FFEF0AE3275FA6D600D5593C /* Videos */ = {
			isa = PBXGroup;
			children = (
				FFEF0AEA275FBBE900D5593C /* Model */,
				FFEF0AE4275FA6E500D5593C /* Views */,
			);
			path = Videos;
			sourceTree = "<group>";
		};
		FFEF0AE4275FA6E500D5593C /* Views */ = {
			isa = PBXGroup;
			children = (
				FFEF0AE5275FA6F400D5593C /* TrailersView.swift */,
				FF84717827628F74007B57D9 /* VideosView.swift */,
			);
			path = Views;
			sourceTree = "<group>";
		};
		FFEF0AEA275FBBE900D5593C /* Model */ = {
			isa = PBXGroup;
			children = (
				FFEF0AEB275FBBF700D5593C /* VideoModel.swift */,
			);
			path = Model;
			sourceTree = "<group>";
		};
/* End PBXGroup section */

/* Begin PBXNativeTarget section */
		7D422457273810E1006236F8 /* CinemaTV */ = {
			isa = PBXNativeTarget;
			buildConfigurationList = 7D422481273810E2006236F8 /* Build configuration list for PBXNativeTarget "CinemaTV" */;
			buildPhases = (
				7D422454273810E1006236F8 /* Sources */,
				7D422455273810E1006236F8 /* Frameworks */,
				7D422456273810E1006236F8 /* Resources */,
			);
			buildRules = (
			);
			dependencies = (
			);
			name = CinemaTV;
			packageProductDependencies = (
				FFEF0ADC275EAEF700D5593C /* Kingfisher */,
			);
			productName = CinemaTV;
			productReference = 7D422458273810E1006236F8 /* CinemaTV.app */;
			productType = "com.apple.product-type.application";
		};
		7D42246C273810E2006236F8 /* CinemaTVTests */ = {
			isa = PBXNativeTarget;
			buildConfigurationList = 7D422484273810E2006236F8 /* Build configuration list for PBXNativeTarget "CinemaTVTests" */;
			buildPhases = (
				7D422469273810E2006236F8 /* Sources */,
				7D42246A273810E2006236F8 /* Frameworks */,
				7D42246B273810E2006236F8 /* Resources */,
			);
			buildRules = (
			);
			dependencies = (
				7D42246F273810E2006236F8 /* PBXTargetDependency */,
			);
			name = CinemaTVTests;
			productName = CinemaTVTests;
			productReference = 7D42246D273810E2006236F8 /* CinemaTVTests.xctest */;
			productType = "com.apple.product-type.bundle.unit-test";
		};
		7D422476273810E2006236F8 /* CinemaTVUITests */ = {
			isa = PBXNativeTarget;
			buildConfigurationList = 7D422487273810E2006236F8 /* Build configuration list for PBXNativeTarget "CinemaTVUITests" */;
			buildPhases = (
				7D422473273810E2006236F8 /* Sources */,
				7D422474273810E2006236F8 /* Frameworks */,
				7D422475273810E2006236F8 /* Resources */,
			);
			buildRules = (
			);
			dependencies = (
				7D422479273810E2006236F8 /* PBXTargetDependency */,
			);
			name = CinemaTVUITests;
			productName = CinemaTVUITests;
			productReference = 7D422477273810E2006236F8 /* CinemaTVUITests.xctest */;
			productType = "com.apple.product-type.bundle.ui-testing";
		};
/* End PBXNativeTarget section */

/* Begin PBXProject section */
		7D422450273810E1006236F8 /* Project object */ = {
			isa = PBXProject;
			attributes = {
				BuildIndependentTargetsInParallel = 1;
				LastSwiftUpdateCheck = 1310;
				LastUpgradeCheck = 1310;
				TargetAttributes = {
					7D422457273810E1006236F8 = {
						CreatedOnToolsVersion = 13.1;
					};
					7D42246C273810E2006236F8 = {
						CreatedOnToolsVersion = 13.1;
						TestTargetID = 7D422457273810E1006236F8;
					};
					7D422476273810E2006236F8 = {
						CreatedOnToolsVersion = 13.1;
						TestTargetID = 7D422457273810E1006236F8;
					};
				};
			};
			buildConfigurationList = 7D422453273810E1006236F8 /* Build configuration list for PBXProject "CinemaTV" */;
			compatibilityVersion = "Xcode 13.0";
			developmentRegion = en;
			hasScannedForEncodings = 0;
			knownRegions = (
				en,
				Base,
			);
			mainGroup = 7D42244F273810E1006236F8;
			packageReferences = (
				FFEF0ADB275EAEF700D5593C /* XCRemoteSwiftPackageReference "Kingfisher" */,
			);
			productRefGroup = 7D422459273810E1006236F8 /* Products */;
			projectDirPath = "";
			projectRoot = "";
			targets = (
				7D422457273810E1006236F8 /* CinemaTV */,
				7D42246C273810E2006236F8 /* CinemaTVTests */,
				7D422476273810E2006236F8 /* CinemaTVUITests */,
			);
		};
/* End PBXProject section */

/* Begin PBXResourcesBuildPhase section */
		7D422456273810E1006236F8 /* Resources */ = {
			isa = PBXResourcesBuildPhase;
			buildActionMask = 2147483647;
			files = (
				7D422463273810E2006236F8 /* Preview Assets.xcassets in Resources */,
				7D422460273810E2006236F8 /* Assets.xcassets in Resources */,
			);
			runOnlyForDeploymentPostprocessing = 0;
		};
		7D42246B273810E2006236F8 /* Resources */ = {
			isa = PBXResourcesBuildPhase;
			buildActionMask = 2147483647;
			files = (
			);
			runOnlyForDeploymentPostprocessing = 0;
		};
		7D422475273810E2006236F8 /* Resources */ = {
			isa = PBXResourcesBuildPhase;
			buildActionMask = 2147483647;
			files = (
			);
			runOnlyForDeploymentPostprocessing = 0;
		};
/* End PBXResourcesBuildPhase section */

/* Begin PBXSourcesBuildPhase section */
		7D422454273810E1006236F8 /* Sources */ = {
			isa = PBXSourcesBuildPhase;
			buildActionMask = 2147483647;
			files = (
				7DF3C920273961BB0072598F /* CarouselMoviesView.swift in Sources */,
				FF4DDD7B27C333250049CAFA /* MoviesListView.swift in Sources */,
				FFEF0AE6275FA6F400D5593C /* TrailersView.swift in Sources */,
				FF9157012749D15A00AF74C3 /* DetailView.swift in Sources */,
				FF6496AC280C89AB001BC28F /* UpcomingMovies.swift in Sources */,
				FF3937F727C6E3310082FF42 /* MoviesListService.swift in Sources */,
				7D4224A2273821F7006236F8 /* MovieCell.swift in Sources */,
				7D42249527381348006236F8 /* MoviesEndpoint.swift in Sources */,
				FF394E4027D10AC300FFBDFC /* ImageLoader.swift in Sources */,
				7D42249C2738150E006236F8 /* APIServiceError.swift in Sources */,
				7D422468273810E2006236F8 /* CinemaTV.xcdatamodeld in Sources */,
				FF394E3D27D101EF00FFBDFC /* Utils.swift in Sources */,
				FF84C79C275135A10098193C /* CastModel.swift in Sources */,
				FF6496AE280C8B38001BC28F /* NowPlayingMovies.swift in Sources */,
				FF4D52C8280CA74500EBEFD3 /* PopularMovies.swift in Sources */,
				FF4DDD7D27C335F60049CAFA /* MoviesListCell.swift in Sources */,
				FF84C7A3275158A30098193C /* CastService.swift in Sources */,
				FF84C79E275138510098193C /* CastStub.swift in Sources */,
				FF9156FF2749CC3500AF74C3 /* DetailMovieViewModel.swift in Sources */,
				FF84717927628F74007B57D9 /* VideosView.swift in Sources */,
				7D4224972738136E006236F8 /* MoviesService.swift in Sources */,
				7D4224A027381E83006236F8 /* MovieStub.swift in Sources */,
				FF3937F927C6E40C0082FF42 /* MoviesListViewModel.swift in Sources */,
				7D42249B273814D8006236F8 /* HomeView.swift in Sources */,
				7D422465273810E2006236F8 /* Persistence.swift in Sources */,
				FF84C79A27512B980098193C /* CastView.swift in Sources */,
				FF84C7A027513B5D0098193C /* CastCell.swift in Sources */,
				FF394E3B27D1010500FFBDFC /* MovieStore.swift in Sources */,
				FF9156FA2749C94600AF74C3 /* DetailMoviesModel.swift in Sources */,
				7D42245E273810E1006236F8 /* ContentView.swift in Sources */,
				7D4224A72738266D006236F8 /* HomeViewModel.swift in Sources */,
				7D42245C273810E1006236F8 /* CinemaTVApp.swift in Sources */,
				FFEF0AEC275FBBF700D5593C /* VideoModel.swift in Sources */,
				FFEF0ADA275E8F1600D5593C /* CinemaTVProgressView.swift in Sources */,
				7D42248E273811A7006236F8 /* DiscoverMovie.swift in Sources */,
				7D42249127381255006236F8 /* Constants.swift in Sources */,
				FF394E3927D0FE7400FFBDFC /* MovieService.swift in Sources */,
				7D42249E27381DB5006236F8 /* DiscoverMoviesView.swift in Sources */,
				FF4D52CC280CA88800EBEFD3 /* TopVotedMovies.swift in Sources */,
			);
			runOnlyForDeploymentPostprocessing = 0;
		};
		7D422469273810E2006236F8 /* Sources */ = {
			isa = PBXSourcesBuildPhase;
			buildActionMask = 2147483647;
			files = (
				7D422472273810E2006236F8 /* CinemaTVTests.swift in Sources */,
			);
			runOnlyForDeploymentPostprocessing = 0;
		};
		7D422473273810E2006236F8 /* Sources */ = {
			isa = PBXSourcesBuildPhase;
			buildActionMask = 2147483647;
			files = (
				7D42247E273810E2006236F8 /* CinemaTVUITestsLaunchTests.swift in Sources */,
				7D42247C273810E2006236F8 /* CinemaTVUITests.swift in Sources */,
			);
			runOnlyForDeploymentPostprocessing = 0;
		};
/* End PBXSourcesBuildPhase section */

/* Begin PBXTargetDependency section */
		7D42246F273810E2006236F8 /* PBXTargetDependency */ = {
			isa = PBXTargetDependency;
			target = 7D422457273810E1006236F8 /* CinemaTV */;
			targetProxy = 7D42246E273810E2006236F8 /* PBXContainerItemProxy */;
		};
		7D422479273810E2006236F8 /* PBXTargetDependency */ = {
			isa = PBXTargetDependency;
			target = 7D422457273810E1006236F8 /* CinemaTV */;
			targetProxy = 7D422478273810E2006236F8 /* PBXContainerItemProxy */;
		};
/* End PBXTargetDependency section */

/* Begin XCBuildConfiguration section */
		7D42247F273810E2006236F8 /* Debug */ = {
			isa = XCBuildConfiguration;
			buildSettings = {
				ALWAYS_SEARCH_USER_PATHS = NO;
				CLANG_ANALYZER_NONNULL = YES;
				CLANG_ANALYZER_NUMBER_OBJECT_CONVERSION = YES_AGGRESSIVE;
				CLANG_CXX_LANGUAGE_STANDARD = "gnu++17";
				CLANG_CXX_LIBRARY = "libc++";
				CLANG_ENABLE_MODULES = YES;
				CLANG_ENABLE_OBJC_ARC = YES;
				CLANG_ENABLE_OBJC_WEAK = YES;
				CLANG_WARN_BLOCK_CAPTURE_AUTORELEASING = YES;
				CLANG_WARN_BOOL_CONVERSION = YES;
				CLANG_WARN_COMMA = YES;
				CLANG_WARN_CONSTANT_CONVERSION = YES;
				CLANG_WARN_DEPRECATED_OBJC_IMPLEMENTATIONS = YES;
				CLANG_WARN_DIRECT_OBJC_ISA_USAGE = YES_ERROR;
				CLANG_WARN_DOCUMENTATION_COMMENTS = YES;
				CLANG_WARN_EMPTY_BODY = YES;
				CLANG_WARN_ENUM_CONVERSION = YES;
				CLANG_WARN_INFINITE_RECURSION = YES;
				CLANG_WARN_INT_CONVERSION = YES;
				CLANG_WARN_NON_LITERAL_NULL_CONVERSION = YES;
				CLANG_WARN_OBJC_IMPLICIT_RETAIN_SELF = YES;
				CLANG_WARN_OBJC_LITERAL_CONVERSION = YES;
				CLANG_WARN_OBJC_ROOT_CLASS = YES_ERROR;
				CLANG_WARN_QUOTED_INCLUDE_IN_FRAMEWORK_HEADER = YES;
				CLANG_WARN_RANGE_LOOP_ANALYSIS = YES;
				CLANG_WARN_STRICT_PROTOTYPES = YES;
				CLANG_WARN_SUSPICIOUS_MOVE = YES;
				CLANG_WARN_UNGUARDED_AVAILABILITY = YES_AGGRESSIVE;
				CLANG_WARN_UNREACHABLE_CODE = YES;
				CLANG_WARN__DUPLICATE_METHOD_MATCH = YES;
				COPY_PHASE_STRIP = NO;
				DEBUG_INFORMATION_FORMAT = dwarf;
				ENABLE_STRICT_OBJC_MSGSEND = YES;
				ENABLE_TESTABILITY = YES;
				GCC_C_LANGUAGE_STANDARD = gnu11;
				GCC_DYNAMIC_NO_PIC = NO;
				GCC_NO_COMMON_BLOCKS = YES;
				GCC_OPTIMIZATION_LEVEL = 0;
				GCC_PREPROCESSOR_DEFINITIONS = (
					"DEBUG=1",
					"$(inherited)",
				);
				GCC_WARN_64_TO_32_BIT_CONVERSION = YES;
				GCC_WARN_ABOUT_RETURN_TYPE = YES_ERROR;
				GCC_WARN_UNDECLARED_SELECTOR = YES;
				GCC_WARN_UNINITIALIZED_AUTOS = YES_AGGRESSIVE;
				GCC_WARN_UNUSED_FUNCTION = YES;
				GCC_WARN_UNUSED_VARIABLE = YES;
				IPHONEOS_DEPLOYMENT_TARGET = 15.0;
				MTL_ENABLE_DEBUG_INFO = INCLUDE_SOURCE;
				MTL_FAST_MATH = YES;
				ONLY_ACTIVE_ARCH = YES;
				SDKROOT = iphoneos;
				SWIFT_ACTIVE_COMPILATION_CONDITIONS = DEBUG;
				SWIFT_OPTIMIZATION_LEVEL = "-Onone";
			};
			name = Debug;
		};
		7D422480273810E2006236F8 /* Release */ = {
			isa = XCBuildConfiguration;
			buildSettings = {
				ALWAYS_SEARCH_USER_PATHS = NO;
				CLANG_ANALYZER_NONNULL = YES;
				CLANG_ANALYZER_NUMBER_OBJECT_CONVERSION = YES_AGGRESSIVE;
				CLANG_CXX_LANGUAGE_STANDARD = "gnu++17";
				CLANG_CXX_LIBRARY = "libc++";
				CLANG_ENABLE_MODULES = YES;
				CLANG_ENABLE_OBJC_ARC = YES;
				CLANG_ENABLE_OBJC_WEAK = YES;
				CLANG_WARN_BLOCK_CAPTURE_AUTORELEASING = YES;
				CLANG_WARN_BOOL_CONVERSION = YES;
				CLANG_WARN_COMMA = YES;
				CLANG_WARN_CONSTANT_CONVERSION = YES;
				CLANG_WARN_DEPRECATED_OBJC_IMPLEMENTATIONS = YES;
				CLANG_WARN_DIRECT_OBJC_ISA_USAGE = YES_ERROR;
				CLANG_WARN_DOCUMENTATION_COMMENTS = YES;
				CLANG_WARN_EMPTY_BODY = YES;
				CLANG_WARN_ENUM_CONVERSION = YES;
				CLANG_WARN_INFINITE_RECURSION = YES;
				CLANG_WARN_INT_CONVERSION = YES;
				CLANG_WARN_NON_LITERAL_NULL_CONVERSION = YES;
				CLANG_WARN_OBJC_IMPLICIT_RETAIN_SELF = YES;
				CLANG_WARN_OBJC_LITERAL_CONVERSION = YES;
				CLANG_WARN_OBJC_ROOT_CLASS = YES_ERROR;
				CLANG_WARN_QUOTED_INCLUDE_IN_FRAMEWORK_HEADER = YES;
				CLANG_WARN_RANGE_LOOP_ANALYSIS = YES;
				CLANG_WARN_STRICT_PROTOTYPES = YES;
				CLANG_WARN_SUSPICIOUS_MOVE = YES;
				CLANG_WARN_UNGUARDED_AVAILABILITY = YES_AGGRESSIVE;
				CLANG_WARN_UNREACHABLE_CODE = YES;
				CLANG_WARN__DUPLICATE_METHOD_MATCH = YES;
				COPY_PHASE_STRIP = NO;
				DEBUG_INFORMATION_FORMAT = "dwarf-with-dsym";
				ENABLE_NS_ASSERTIONS = NO;
				ENABLE_STRICT_OBJC_MSGSEND = YES;
				GCC_C_LANGUAGE_STANDARD = gnu11;
				GCC_NO_COMMON_BLOCKS = YES;
				GCC_WARN_64_TO_32_BIT_CONVERSION = YES;
				GCC_WARN_ABOUT_RETURN_TYPE = YES_ERROR;
				GCC_WARN_UNDECLARED_SELECTOR = YES;
				GCC_WARN_UNINITIALIZED_AUTOS = YES_AGGRESSIVE;
				GCC_WARN_UNUSED_FUNCTION = YES;
				GCC_WARN_UNUSED_VARIABLE = YES;
				IPHONEOS_DEPLOYMENT_TARGET = 15.0;
				MTL_ENABLE_DEBUG_INFO = NO;
				MTL_FAST_MATH = YES;
				SDKROOT = iphoneos;
				SWIFT_COMPILATION_MODE = wholemodule;
				SWIFT_OPTIMIZATION_LEVEL = "-O";
				VALIDATE_PRODUCT = YES;
			};
			name = Release;
		};
		7D422482273810E2006236F8 /* Debug */ = {
			isa = XCBuildConfiguration;
			buildSettings = {
				ASSETCATALOG_COMPILER_APPICON_NAME = AppIcon;
				ASSETCATALOG_COMPILER_GLOBAL_ACCENT_COLOR_NAME = AccentColor;
				CODE_SIGN_IDENTITY = "Apple Development";
				CODE_SIGN_STYLE = Automatic;
				CURRENT_PROJECT_VERSION = 1;
				DEVELOPMENT_ASSET_PATHS = "\"CinemaTV/Preview Content\"";
				DEVELOPMENT_TEAM = SM9KCJGMUP;
				ENABLE_PREVIEWS = YES;
				GENERATE_INFOPLIST_FILE = YES;
				INFOPLIST_KEY_UIApplicationSceneManifest_Generation = YES;
				INFOPLIST_KEY_UIApplicationSupportsIndirectInputEvents = YES;
				INFOPLIST_KEY_UILaunchScreen_Generation = YES;
				INFOPLIST_KEY_UISupportedInterfaceOrientations = UIInterfaceOrientationPortrait;
				INFOPLIST_KEY_UISupportedInterfaceOrientations_iPad = "UIInterfaceOrientationPortrait UIInterfaceOrientationPortraitUpsideDown UIInterfaceOrientationLandscapeLeft UIInterfaceOrientationLandscapeRight";
				INFOPLIST_KEY_UISupportedInterfaceOrientations_iPhone = UIInterfaceOrientationPortrait;
				IPHONEOS_DEPLOYMENT_TARGET = 14.0;
				LD_RUNPATH_SEARCH_PATHS = (
					"$(inherited)",
					"@executable_path/Frameworks",
				);
				MARKETING_VERSION = 0.2.0;
				PRODUCT_BUNDLE_IDENTIFIER = com.danilorequena.CinemaTV;
				PRODUCT_NAME = "$(TARGET_NAME)";
				SWIFT_EMIT_LOC_STRINGS = YES;
				SWIFT_VERSION = 5.0;
				TARGETED_DEVICE_FAMILY = "1,2";
			};
			name = Debug;
		};
		7D422483273810E2006236F8 /* Release */ = {
			isa = XCBuildConfiguration;
			buildSettings = {
				ASSETCATALOG_COMPILER_APPICON_NAME = AppIcon;
				ASSETCATALOG_COMPILER_GLOBAL_ACCENT_COLOR_NAME = AccentColor;
				CODE_SIGN_IDENTITY = "Apple Development";
				CODE_SIGN_STYLE = Automatic;
				CURRENT_PROJECT_VERSION = 1;
				DEVELOPMENT_ASSET_PATHS = "\"CinemaTV/Preview Content\"";
				DEVELOPMENT_TEAM = SM9KCJGMUP;
				ENABLE_PREVIEWS = YES;
				GENERATE_INFOPLIST_FILE = YES;
				INFOPLIST_KEY_UIApplicationSceneManifest_Generation = YES;
				INFOPLIST_KEY_UIApplicationSupportsIndirectInputEvents = YES;
				INFOPLIST_KEY_UILaunchScreen_Generation = YES;
				INFOPLIST_KEY_UISupportedInterfaceOrientations = UIInterfaceOrientationPortrait;
				INFOPLIST_KEY_UISupportedInterfaceOrientations_iPad = "UIInterfaceOrientationPortrait UIInterfaceOrientationPortraitUpsideDown UIInterfaceOrientationLandscapeLeft UIInterfaceOrientationLandscapeRight";
				INFOPLIST_KEY_UISupportedInterfaceOrientations_iPhone = UIInterfaceOrientationPortrait;
				IPHONEOS_DEPLOYMENT_TARGET = 14.0;
				LD_RUNPATH_SEARCH_PATHS = (
					"$(inherited)",
					"@executable_path/Frameworks",
				);
				MARKETING_VERSION = 0.2.0;
				PRODUCT_BUNDLE_IDENTIFIER = com.danilorequena.CinemaTV;
				PRODUCT_NAME = "$(TARGET_NAME)";
				SWIFT_EMIT_LOC_STRINGS = YES;
				SWIFT_VERSION = 5.0;
				TARGETED_DEVICE_FAMILY = "1,2";
			};
			name = Release;
		};
		7D422485273810E2006236F8 /* Debug */ = {
			isa = XCBuildConfiguration;
			buildSettings = {
				ALWAYS_EMBED_SWIFT_STANDARD_LIBRARIES = YES;
				BUNDLE_LOADER = "$(TEST_HOST)";
				CODE_SIGN_STYLE = Automatic;
				CURRENT_PROJECT_VERSION = 1;
				DEVELOPMENT_TEAM = SM9KCJGMUP;
				GENERATE_INFOPLIST_FILE = YES;
				IPHONEOS_DEPLOYMENT_TARGET = 15.0;
				LD_RUNPATH_SEARCH_PATHS = (
					"$(inherited)",
					"@executable_path/Frameworks",
					"@loader_path/Frameworks",
				);
				MARKETING_VERSION = 1.0;
				PRODUCT_BUNDLE_IDENTIFIER = com.danilorequena.CinemaTVTests;
				PRODUCT_NAME = "$(TARGET_NAME)";
				SWIFT_EMIT_LOC_STRINGS = NO;
				SWIFT_VERSION = 5.0;
				TARGETED_DEVICE_FAMILY = "1,2";
				TEST_HOST = "$(BUILT_PRODUCTS_DIR)/CinemaTV.app/CinemaTV";
			};
			name = Debug;
		};
		7D422486273810E2006236F8 /* Release */ = {
			isa = XCBuildConfiguration;
			buildSettings = {
				ALWAYS_EMBED_SWIFT_STANDARD_LIBRARIES = YES;
				BUNDLE_LOADER = "$(TEST_HOST)";
				CODE_SIGN_STYLE = Automatic;
				CURRENT_PROJECT_VERSION = 1;
				DEVELOPMENT_TEAM = SM9KCJGMUP;
				GENERATE_INFOPLIST_FILE = YES;
				IPHONEOS_DEPLOYMENT_TARGET = 15.0;
				LD_RUNPATH_SEARCH_PATHS = (
					"$(inherited)",
					"@executable_path/Frameworks",
					"@loader_path/Frameworks",
				);
				MARKETING_VERSION = 1.0;
				PRODUCT_BUNDLE_IDENTIFIER = com.danilorequena.CinemaTVTests;
				PRODUCT_NAME = "$(TARGET_NAME)";
				SWIFT_EMIT_LOC_STRINGS = NO;
				SWIFT_VERSION = 5.0;
				TARGETED_DEVICE_FAMILY = "1,2";
				TEST_HOST = "$(BUILT_PRODUCTS_DIR)/CinemaTV.app/CinemaTV";
			};
			name = Release;
		};
		7D422488273810E2006236F8 /* Debug */ = {
			isa = XCBuildConfiguration;
			buildSettings = {
				ALWAYS_EMBED_SWIFT_STANDARD_LIBRARIES = YES;
				CODE_SIGN_STYLE = Automatic;
				CURRENT_PROJECT_VERSION = 1;
				DEVELOPMENT_TEAM = SM9KCJGMUP;
				GENERATE_INFOPLIST_FILE = YES;
				LD_RUNPATH_SEARCH_PATHS = (
					"$(inherited)",
					"@executable_path/Frameworks",
					"@loader_path/Frameworks",
				);
				MARKETING_VERSION = 1.0;
				PRODUCT_BUNDLE_IDENTIFIER = com.danilorequena.CinemaTVUITests;
				PRODUCT_NAME = "$(TARGET_NAME)";
				SWIFT_EMIT_LOC_STRINGS = NO;
				SWIFT_VERSION = 5.0;
				TARGETED_DEVICE_FAMILY = "1,2";
				TEST_TARGET_NAME = CinemaTV;
			};
			name = Debug;
		};
		7D422489273810E2006236F8 /* Release */ = {
			isa = XCBuildConfiguration;
			buildSettings = {
				ALWAYS_EMBED_SWIFT_STANDARD_LIBRARIES = YES;
				CODE_SIGN_STYLE = Automatic;
				CURRENT_PROJECT_VERSION = 1;
				DEVELOPMENT_TEAM = SM9KCJGMUP;
				GENERATE_INFOPLIST_FILE = YES;
				LD_RUNPATH_SEARCH_PATHS = (
					"$(inherited)",
					"@executable_path/Frameworks",
					"@loader_path/Frameworks",
				);
				MARKETING_VERSION = 1.0;
				PRODUCT_BUNDLE_IDENTIFIER = com.danilorequena.CinemaTVUITests;
				PRODUCT_NAME = "$(TARGET_NAME)";
				SWIFT_EMIT_LOC_STRINGS = NO;
				SWIFT_VERSION = 5.0;
				TARGETED_DEVICE_FAMILY = "1,2";
				TEST_TARGET_NAME = CinemaTV;
			};
			name = Release;
		};
/* End XCBuildConfiguration section */

/* Begin XCConfigurationList section */
		7D422453273810E1006236F8 /* Build configuration list for PBXProject "CinemaTV" */ = {
			isa = XCConfigurationList;
			buildConfigurations = (
				7D42247F273810E2006236F8 /* Debug */,
				7D422480273810E2006236F8 /* Release */,
			);
			defaultConfigurationIsVisible = 0;
			defaultConfigurationName = Release;
		};
		7D422481273810E2006236F8 /* Build configuration list for PBXNativeTarget "CinemaTV" */ = {
			isa = XCConfigurationList;
			buildConfigurations = (
				7D422482273810E2006236F8 /* Debug */,
				7D422483273810E2006236F8 /* Release */,
			);
			defaultConfigurationIsVisible = 0;
			defaultConfigurationName = Release;
		};
		7D422484273810E2006236F8 /* Build configuration list for PBXNativeTarget "CinemaTVTests" */ = {
			isa = XCConfigurationList;
			buildConfigurations = (
				7D422485273810E2006236F8 /* Debug */,
				7D422486273810E2006236F8 /* Release */,
			);
			defaultConfigurationIsVisible = 0;
			defaultConfigurationName = Release;
		};
		7D422487273810E2006236F8 /* Build configuration list for PBXNativeTarget "CinemaTVUITests" */ = {
			isa = XCConfigurationList;
			buildConfigurations = (
				7D422488273810E2006236F8 /* Debug */,
				7D422489273810E2006236F8 /* Release */,
			);
			defaultConfigurationIsVisible = 0;
			defaultConfigurationName = Release;
		};
/* End XCConfigurationList section */

/* Begin XCRemoteSwiftPackageReference section */
		FFEF0ADB275EAEF700D5593C /* XCRemoteSwiftPackageReference "Kingfisher" */ = {
			isa = XCRemoteSwiftPackageReference;
			repositoryURL = "https://github.com/onevcat/Kingfisher.git";
			requirement = {
				kind = upToNextMajorVersion;
				minimumVersion = 7.0.0;
			};
		};
/* End XCRemoteSwiftPackageReference section */

/* Begin XCSwiftPackageProductDependency section */
		FFEF0ADC275EAEF700D5593C /* Kingfisher */ = {
			isa = XCSwiftPackageProductDependency;
			package = FFEF0ADB275EAEF700D5593C /* XCRemoteSwiftPackageReference "Kingfisher" */;
			productName = Kingfisher;
		};
/* End XCSwiftPackageProductDependency section */

/* Begin XCVersionGroup section */
		7D422466273810E2006236F8 /* CinemaTV.xcdatamodeld */ = {
			isa = XCVersionGroup;
			children = (
				7D422467273810E2006236F8 /* CinemaTV.xcdatamodel */,
			);
			currentVersion = 7D422467273810E2006236F8 /* CinemaTV.xcdatamodel */;
			path = CinemaTV.xcdatamodeld;
			sourceTree = "<group>";
			versionGroupType = wrapper.xcdatamodel;
		};
/* End XCVersionGroup section */
	};
	rootObject = 7D422450273810E1006236F8 /* Project object */;
}
