// !$*UTF8*$!
{
	archiveVersion = 1;
	classes = {
	};
	objectVersion = 60;
	objects = {

/* Begin PBXBuildFile section */
		7D42245C273810E1006236F8 /* CinemaTVApp.swift in Sources */ = {isa = PBXBuildFile; fileRef = 7D42245B273810E1006236F8 /* CinemaTVApp.swift */; };
		7D422460273810E2006236F8 /* Assets.xcassets in Resources */ = {isa = PBXBuildFile; fileRef = 7D42245F273810E2006236F8 /* Assets.xcassets */; };
		7D422463273810E2006236F8 /* Preview Assets.xcassets in Resources */ = {isa = PBXBuildFile; fileRef = 7D422462273810E2006236F8 /* Preview Assets.xcassets */; };
		7D422472273810E2006236F8 /* CinemaTVTests.swift in Sources */ = {isa = PBXBuildFile; fileRef = 7D422471273810E2006236F8 /* CinemaTVTests.swift */; };
		7D42247C273810E2006236F8 /* CinemaTVUITests.swift in Sources */ = {isa = PBXBuildFile; fileRef = 7D42247B273810E2006236F8 /* CinemaTVUITests.swift */; };
		7D42247E273810E2006236F8 /* CinemaTVUITestsLaunchTests.swift in Sources */ = {isa = PBXBuildFile; fileRef = 7D42247D273810E2006236F8 /* CinemaTVUITestsLaunchTests.swift */; };
		CA57C0DE0000000000000003 /* CinemaTVCore in Frameworks */ = {isa = PBXBuildFile; productRef = CA57C0DE0000000000000103 /* CinemaTVCore */; };
		FF21AC7B3008282D009764B1 /* CinemaTVCore in Frameworks */ = {isa = PBXBuildFile; productRef = FF21AC7A3008282D009764B1 /* CinemaTVCore */; };
		FF21AC7D3008282D009764B1 /* CinemaTVDesignSystem in Frameworks */ = {isa = PBXBuildFile; productRef = FF21AC7C3008282D009764B1 /* CinemaTVDesignSystem */; };
		FF21AC803008DB96009764B1 /* Route.swift in Sources */ = {isa = PBXBuildFile; fileRef = FF21AC7F3008DB96009764B1 /* Route.swift */; };
		FF21AC833008DB9D009764B1 /* DeepLink.swift in Sources */ = {isa = PBXBuildFile; fileRef = FF21AC823008DB9D009764B1 /* DeepLink.swift */; };
		FF21AC863008DBA0009764B1 /* AppRouter.swift in Sources */ = {isa = PBXBuildFile; fileRef = FF21AC853008DBA0009764B1 /* AppRouter.swift */; };
		FF21AC8B3008DBAC009764B1 /* AppEnvironment.swift in Sources */ = {isa = PBXBuildFile; fileRef = FF21AC893008DBAC009764B1 /* AppEnvironment.swift */; };
		FF21AC8D3008DBB8009764B1 /* AppShellView.swift in Sources */ = {isa = PBXBuildFile; fileRef = FF21AC8C3008DBB8009764B1 /* AppShellView.swift */; };
		FF21AC993008DC0D009764B1 /* HomeScreenModel.swift in Sources */ = {isa = PBXBuildFile; fileRef = FF21AC973008DC0D009764B1 /* HomeScreenModel.swift */; };
		FF21AC9B3008DC15009764B1 /* HomeScreen.swift in Sources */ = {isa = PBXBuildFile; fileRef = FF21AC9A3008DC15009764B1 /* HomeScreen.swift */; };
		FF21AC9F3008DC1E009764B1 /* MovieListScreen.swift in Sources */ = {isa = PBXBuildFile; fileRef = FF21AC9D3008DC1E009764B1 /* MovieListScreen.swift */; };
		FF21ACA23008DC27009764B1 /* SearchScreen.swift in Sources */ = {isa = PBXBuildFile; fileRef = FF21ACA03008DC27009764B1 /* SearchScreen.swift */; };
		FF21ACA53008DC43009764B1 /* MovieDetailModel.swift in Sources */ = {isa = PBXBuildFile; fileRef = FF21ACA33008DC43009764B1 /* MovieDetailModel.swift */; };
		FF21ACA83008DC59009764B1 /* MovieDetailScreen.swift in Sources */ = {isa = PBXBuildFile; fileRef = FF21ACA63008DC59009764B1 /* MovieDetailScreen.swift */; };
		FF21ACAB3008DC5E009764B1 /* TrailerSection.swift in Sources */ = {isa = PBXBuildFile; fileRef = FF21ACA93008DC5E009764B1 /* TrailerSection.swift */; };
		FF21ACAD3008DC64009764B1 /* YouTubePlayerView.swift in Sources */ = {isa = PBXBuildFile; fileRef = FF21ACAC3008DC64009764B1 /* YouTubePlayerView.swift */; };
		FF21ACB13008DC99009764B1 /* WatchlistScreen.swift in Sources */ = {isa = PBXBuildFile; fileRef = FF21ACAF3008DC99009764B1 /* WatchlistScreen.swift */; };
		FF21ACB43008DCA4009764B1 /* PersonScreen.swift in Sources */ = {isa = PBXBuildFile; fileRef = FF21ACB23008DCA4009764B1 /* PersonScreen.swift */; };
		FF21ACB730092B20009764B1 /* MovieEntity.swift in Sources */ = {isa = PBXBuildFile; fileRef = FF21ACB630092B20009764B1 /* MovieEntity.swift */; };
		FF21ACBA30092B28009764B1 /* WatchlistIntents.swift in Sources */ = {isa = PBXBuildFile; fileRef = FF21ACB930092B28009764B1 /* WatchlistIntents.swift */; };
		FF21ACBD30092B2F009764B1 /* OpenIntents.swift in Sources */ = {isa = PBXBuildFile; fileRef = FF21ACBC30092B2F009764B1 /* OpenIntents.swift */; };
		FF21ACC130092B34009764B1 /* CinemaTVShortcuts.swift in Sources */ = {isa = PBXBuildFile; fileRef = FF21ACBF30092B34009764B1 /* CinemaTVShortcuts.swift */; };
		FF21ACC330092B37009764B1 /* SpotlightIndexer.swift in Sources */ = {isa = PBXBuildFile; fileRef = FF21ACC230092B37009764B1 /* SpotlightIndexer.swift */; };
		FF21ACC630097C7A009764B1 /* MotionTiltManager.swift in Sources */ = {isa = PBXBuildFile; fileRef = FF21ACC530097C7A009764B1 /* MotionTiltManager.swift */; };
		FF21ACC830097C82009764B1 /* Shaders.metal in Sources */ = {isa = PBXBuildFile; fileRef = FF21ACC730097C82009764B1 /* Shaders.metal */; };
		FF21ACCB300A37C5009764B1 /* InfoPlist.xcstrings in Resources */ = {isa = PBXBuildFile; fileRef = FF21ACCA300A37C5009764B1 /* InfoPlist.xcstrings */; };
		FF21ACCC300A37C5009764B1 /* AppShortcuts.xcstrings in Resources */ = {isa = PBXBuildFile; fileRef = FF21ACC9300A37C5009764B1 /* AppShortcuts.xcstrings */; };
		FF21ACCE300A37C5009764B1 /* InfoPlist.xcstrings in Resources */ = {isa = PBXBuildFile; fileRef = FF21ACCD300A37C5009764B1 /* InfoPlist.xcstrings */; };
		FF21ACD3300B8C4F009764B1 /* DiscoverScreen.swift in Sources */ = {isa = PBXBuildFile; fileRef = FF21ACD2300B8C4F009764B1 /* DiscoverScreen.swift */; };
		FF2CF8FE3036FBFD0019AE7F /* LibraryRefresher.swift in Sources */ = {isa = PBXBuildFile; fileRef = FF2CF8FD3036FBFD0019AE7F /* LibraryRefresher.swift */; };
		FF2CF9003036FC050019AE7F /* PremiereNotifications.swift in Sources */ = {isa = PBXBuildFile; fileRef = FF2CF8FF3036FC050019AE7F /* PremiereNotifications.swift */; };
		FF2E8AEF30367B7100CD1F16 /* TVShowCategory.swift in Sources */ = {isa = PBXBuildFile; fileRef = FF2E8AEE30367B7100CD1F16 /* TVShowCategory.swift */; };
		FF2E8AF130367B7100CD1F16 /* TVShowListModel.swift in Sources */ = {isa = PBXBuildFile; fileRef = FF2E8AF030367B7100CD1F16 /* TVShowListModel.swift */; };
		FF2E8AF330367B7100CD1F16 /* TVShowListScreen.swift in Sources */ = {isa = PBXBuildFile; fileRef = FF2E8AF230367B7100CD1F16 /* TVShowListScreen.swift */; };
		FF2E8AF53036EA6B00CD1F16 /* TVShowEntity.swift in Sources */ = {isa = PBXBuildFile; fileRef = FF2E8AF43036EA6B00CD1F16 /* TVShowEntity.swift */; };
		FF2E8AF73036EAA100CD1F16 /* VisualIntelligenceQuery.swift in Sources */ = {isa = PBXBuildFile; fileRef = FF2E8AF63036EAA100CD1F16 /* VisualIntelligenceQuery.swift */; };
		FF74128E2895CF9900A79C7C /* TMDB.plist in Resources */ = {isa = PBXBuildFile; fileRef = FF74128D2895CF9900A79C7C /* TMDB.plist */; };
		FF7412962895D65F00A79C7C /* WidgetKit.framework in Frameworks */ = {isa = PBXBuildFile; fileRef = FF7412952895D65F00A79C7C /* WidgetKit.framework */; };
		FF7412982895D65F00A79C7C /* SwiftUI.framework in Frameworks */ = {isa = PBXBuildFile; fileRef = FF7412972895D65F00A79C7C /* SwiftUI.framework */; };
		FF74129B2895D65F00A79C7C /* CinemaTVWidget.swift in Sources */ = {isa = PBXBuildFile; fileRef = FF74129A2895D65F00A79C7C /* CinemaTVWidget.swift */; };
		FF74129E2895D66000A79C7C /* Assets.xcassets in Resources */ = {isa = PBXBuildFile; fileRef = FF74129D2895D66000A79C7C /* Assets.xcassets */; };
		FF7412A42895D66000A79C7C /* CinemaTVWidgetExtension.appex in Embed Foundation Extensions */ = {isa = PBXBuildFile; fileRef = FF7412932895D65F00A79C7C /* CinemaTVWidgetExtension.appex */; settings = {ATTRIBUTES = (RemoveHeadersOnCopy, ); }; };
		FF88FF342A3D4E86001BE0BC /* Localizable.xcstrings in Resources */ = {isa = PBXBuildFile; fileRef = FF88FF332A3D4E86001BE0BC /* Localizable.xcstrings */; };
		FF88FF352A3D4E86001BE0BC /* Localizable.xcstrings in Resources */ = {isa = PBXBuildFile; fileRef = FF88FF332A3D4E86001BE0BC /* Localizable.xcstrings */; };
		FF9F137C3031183A004819FD /* EpisodeDetailScreen.swift in Sources */ = {isa = PBXBuildFile; fileRef = FF9F137B3031183A004819FD /* EpisodeDetailScreen.swift */; };
		FF9F138A3032059B004819FD /* CinemaTV.icon in Resources */ = {isa = PBXBuildFile; fileRef = FF9F13893032059B004819FD /* CinemaTV.icon */; };
		FF9F138B3032059B004819FD /* CinemaTV.icon in Resources */ = {isa = PBXBuildFile; fileRef = FF9F13893032059B004819FD /* CinemaTV.icon */; };
		FFC3FBC42895F727000E379E /* TMDB.plist in Resources */ = {isa = PBXBuildFile; fileRef = FF74128D2895CF9900A79C7C /* TMDB.plist */; };
		FFCA557C302BB6210025941D /* ReviewCardRenderer.swift in Sources */ = {isa = PBXBuildFile; fileRef = FFCA557B302BB6210025941D /* ReviewCardRenderer.swift */; };
		FFCA557E302BB6360025941D /* ReviewComposerSheet.swift in Sources */ = {isa = PBXBuildFile; fileRef = FFCA557D302BB6360025941D /* ReviewComposerSheet.swift */; };
		FFCA558130308C2D0025941D /* TVShowDetailModel.swift in Sources */ = {isa = PBXBuildFile; fileRef = FFCA558030308C2D0025941D /* TVShowDetailModel.swift */; };
		FFCA558330308C550025941D /* TVShowDetailScreen.swift in Sources */ = {isa = PBXBuildFile; fileRef = FFCA558230308C550025941D /* TVShowDetailScreen.swift */; };
		FFCA558630308C5E0025941D /* SeasonModel.swift in Sources */ = {isa = PBXBuildFile; fileRef = FFCA558530308C5E0025941D /* SeasonModel.swift */; };
		FFCA558830308C7A0025941D /* SeasonScreen.swift in Sources */ = {isa = PBXBuildFile; fileRef = FFCA558730308C7A0025941D /* SeasonScreen.swift */; };
		FFCA558A3030907A0025941D /* TVHomeModel.swift in Sources */ = {isa = PBXBuildFile; fileRef = FFCA55893030907A0025941D /* TVHomeModel.swift */; };
		FFFC45442A64C54C009F9D74 /* SwiftData.framework in Frameworks */ = {isa = PBXBuildFile; fileRef = FFFC45432A64C54C009F9D74 /* SwiftData.framework */; };
		FFFC45452A64C55E009F9D74 /* SwiftUI.framework in Frameworks */ = {isa = PBXBuildFile; fileRef = FF7412972895D65F00A79C7C /* SwiftUI.framework */; };
/* End PBXBuildFile section */

/* Begin PBXContainerItemProxy section */
		7D42246E273810E2006236F8 /* PBXContainerItemProxy */ = {
			isa = PBXContainerItemProxy;
			containerPortal = 7D422450273810E1006236F8 /* Project object */;
			proxyType = 1;
			remoteGlobalIDString = 7D422457273810E1006236F8;
			remoteInfo = CinemaTV;
		};
		7D422478273810E2006236F8 /* PBXContainerItemProxy */ = {
			isa = PBXContainerItemProxy;
			containerPortal = 7D422450273810E1006236F8 /* Project object */;
			proxyType = 1;
			remoteGlobalIDString = 7D422457273810E1006236F8;
			remoteInfo = CinemaTV;
		};
		FF7412A22895D66000A79C7C /* PBXContainerItemProxy */ = {
			isa = PBXContainerItemProxy;
			containerPortal = 7D422450273810E1006236F8 /* Project object */;
			proxyType = 1;
			remoteGlobalIDString = FF7412922895D65F00A79C7C;
			remoteInfo = CinemaTVWidgetExtension;
		};
/* End PBXContainerItemProxy section */

/* Begin PBXCopyFilesBuildPhase section */
		FF7412A52895D66000A79C7C /* Embed Foundation Extensions */ = {
			isa = PBXCopyFilesBuildPhase;
			buildActionMask = 2147483647;
			dstPath = "";
			dstSubfolderSpec = 13;
			files = (
				FF7412A42895D66000A79C7C /* CinemaTVWidgetExtension.appex in Embed Foundation Extensions */,
			);
			name = "Embed Foundation Extensions";
			runOnlyForDeploymentPostprocessing = 0;
		};
/* End PBXCopyFilesBuildPhase section */

/* Begin PBXFileReference section */
		7D422458273810E1006236F8 /* CinemaTV.app */ = {isa = PBXFileReference; explicitFileType = wrapper.application; includeInIndex = 0; path = CinemaTV.app; sourceTree = BUILT_PRODUCTS_DIR; };
		7D42245B273810E1006236F8 /* CinemaTVApp.swift */ = {isa = PBXFileReference; lastKnownFileType = sourcecode.swift; path = CinemaTVApp.swift; sourceTree = "<group>"; };
		7D42245F273810E2006236F8 /* Assets.xcassets */ = {isa = PBXFileReference; lastKnownFileType = folder.assetcatalog; path = Assets.xcassets; sourceTree = "<group>"; };
		7D422462273810E2006236F8 /* Preview Assets.xcassets */ = {isa = PBXFileReference; lastKnownFileType = folder.assetcatalog; path = "Preview Assets.xcassets"; sourceTree = "<group>"; };
		7D42246D273810E2006236F8 /* CinemaTVTests.xctest */ = {isa = PBXFileReference; explicitFileType = wrapper.cfbundle; includeInIndex = 0; path = CinemaTVTests.xctest; sourceTree = BUILT_PRODUCTS_DIR; };
		7D422471273810E2006236F8 /* CinemaTVTests.swift */ = {isa = PBXFileReference; lastKnownFileType = sourcecode.swift; path = CinemaTVTests.swift; sourceTree = "<group>"; };
		7D422477273810E2006236F8 /* CinemaTVUITests.xctest */ = {isa = PBXFileReference; explicitFileType = wrapper.cfbundle; includeInIndex = 0; path = CinemaTVUITests.xctest; sourceTree = BUILT_PRODUCTS_DIR; };
		7D42247B273810E2006236F8 /* CinemaTVUITests.swift */ = {isa = PBXFileReference; lastKnownFileType = sourcecode.swift; path = CinemaTVUITests.swift; sourceTree = "<group>"; };
		7D42247D273810E2006236F8 /* CinemaTVUITestsLaunchTests.swift */ = {isa = PBXFileReference; lastKnownFileType = sourcecode.swift; path = CinemaTVUITestsLaunchTests.swift; sourceTree = "<group>"; };
		FF21AC783007D591009764B1 /* CinemaTVWidgetExtension.entitlements */ = {isa = PBXFileReference; lastKnownFileType = text.plist.entitlements; path = CinemaTVWidgetExtension.entitlements; sourceTree = "<group>"; };
		FF21AC7F3008DB96009764B1 /* Route.swift */ = {isa = PBXFileReference; lastKnownFileType = sourcecode.swift; path = Route.swift; sourceTree = "<group>"; };
		FF21AC823008DB9D009764B1 /* DeepLink.swift */ = {isa = PBXFileReference; lastKnownFileType = sourcecode.swift; path = DeepLink.swift; sourceTree = "<group>"; };
		FF21AC853008DBA0009764B1 /* AppRouter.swift */ = {isa = PBXFileReference; lastKnownFileType = sourcecode.swift; path = AppRouter.swift; sourceTree = "<group>"; };
		FF21AC893008DBAC009764B1 /* AppEnvironment.swift */ = {isa = PBXFileReference; lastKnownFileType = sourcecode.swift; path = AppEnvironment.swift; sourceTree = "<group>"; };
		FF21AC8C3008DBB8009764B1 /* AppShellView.swift */ = {isa = PBXFileReference; lastKnownFileType = sourcecode.swift; path = AppShellView.swift; sourceTree = "<group>"; };
		FF21AC973008DC0D009764B1 /* HomeScreenModel.swift */ = {isa = PBXFileReference; lastKnownFileType = sourcecode.swift; path = HomeScreenModel.swift; sourceTree = "<group>"; };
		FF21AC9A3008DC15009764B1 /* HomeScreen.swift */ = {isa = PBXFileReference; lastKnownFileType = sourcecode.swift; path = HomeScreen.swift; sourceTree = "<group>"; };
		FF21AC9D3008DC1E009764B1 /* MovieListScreen.swift */ = {isa = PBXFileReference; lastKnownFileType = sourcecode.swift; path = MovieListScreen.swift; sourceTree = "<group>"; };
		FF21ACA03008DC27009764B1 /* SearchScreen.swift */ = {isa = PBXFileReference; lastKnownFileType = sourcecode.swift; path = SearchScreen.swift; sourceTree = "<group>"; };
		FF21ACA33008DC43009764B1 /* MovieDetailModel.swift */ = {isa = PBXFileReference; lastKnownFileType = sourcecode.swift; path = MovieDetailModel.swift; sourceTree = "<group>"; };
		FF21ACA63008DC59009764B1 /* MovieDetailScreen.swift */ = {isa = PBXFileReference; lastKnownFileType = sourcecode.swift; path = MovieDetailScreen.swift; sourceTree = "<group>"; };
		FF21ACA93008DC5E009764B1 /* TrailerSection.swift */ = {isa = PBXFileReference; lastKnownFileType = sourcecode.swift; path = TrailerSection.swift; sourceTree = "<group>"; };
		FF21ACAC3008DC64009764B1 /* YouTubePlayerView.swift */ = {isa = PBXFileReference; lastKnownFileType = sourcecode.swift; path = YouTubePlayerView.swift; sourceTree = "<group>"; };
		FF21ACAF3008DC99009764B1 /* WatchlistScreen.swift */ = {isa = PBXFileReference; lastKnownFileType = sourcecode.swift; path = WatchlistScreen.swift; sourceTree = "<group>"; };
		FF21ACB23008DCA4009764B1 /* PersonScreen.swift */ = {isa = PBXFileReference; lastKnownFileType = sourcecode.swift; path = PersonScreen.swift; sourceTree = "<group>"; };
		FF21ACB630092B20009764B1 /* MovieEntity.swift */ = {isa = PBXFileReference; lastKnownFileType = sourcecode.swift; path = MovieEntity.swift; sourceTree = "<group>"; };
		FF21ACB930092B28009764B1 /* WatchlistIntents.swift */ = {isa = PBXFileReference; lastKnownFileType = sourcecode.swift; path = WatchlistIntents.swift; sourceTree = "<group>"; };
		FF21ACBC30092B2F009764B1 /* OpenIntents.swift */ = {isa = PBXFileReference; lastKnownFileType = sourcecode.swift; path = OpenIntents.swift; sourceTree = "<group>"; };
		FF21ACBF30092B34009764B1 /* CinemaTVShortcuts.swift */ = {isa = PBXFileReference; lastKnownFileType = sourcecode.swift; path = CinemaTVShortcuts.swift; sourceTree = "<group>"; };
		FF21ACC230092B37009764B1 /* SpotlightIndexer.swift */ = {isa = PBXFileReference; lastKnownFileType = sourcecode.swift; path = SpotlightIndexer.swift; sourceTree = "<group>"; };
		FF21ACC530097C7A009764B1 /* MotionTiltManager.swift */ = {isa = PBXFileReference; lastKnownFileType = sourcecode.swift; path = MotionTiltManager.swift; sourceTree = "<group>"; };
		FF21ACC730097C82009764B1 /* Shaders.metal */ = {isa = PBXFileReference; lastKnownFileType = sourcecode.metal; path = Shaders.metal; sourceTree = "<group>"; };
		FF21ACC9300A37C5009764B1 /* AppShortcuts.xcstrings */ = {isa = PBXFileReference; lastKnownFileType = text.json.xcstrings; path = AppShortcuts.xcstrings; sourceTree = "<group>"; };
		FF21ACCA300A37C5009764B1 /* InfoPlist.xcstrings */ = {isa = PBXFileReference; lastKnownFileType = text.json.xcstrings; path = InfoPlist.xcstrings; sourceTree = "<group>"; };
		FF21ACCD300A37C5009764B1 /* InfoPlist.xcstrings */ = {isa = PBXFileReference; lastKnownFileType = text.json.xcstrings; path = InfoPlist.xcstrings; sourceTree = "<group>"; };
		FF21ACD2300B8C4F009764B1 /* DiscoverScreen.swift */ = {isa = PBXFileReference; lastKnownFileType = sourcecode.swift; path = DiscoverScreen.swift; sourceTree = "<group>"; };
		FF2CF8FD3036FBFD0019AE7F /* LibraryRefresher.swift */ = {isa = PBXFileReference; lastKnownFileType = sourcecode.swift; path = LibraryRefresher.swift; sourceTree = "<group>"; };
		FF2CF8FF3036FC050019AE7F /* PremiereNotifications.swift */ = {isa = PBXFileReference; lastKnownFileType = sourcecode.swift; path = PremiereNotifications.swift; sourceTree = "<group>"; };
		FF2E8AEE30367B7100CD1F16 /* TVShowCategory.swift */ = {isa = PBXFileReference; lastKnownFileType = sourcecode.swift; path = TVShowCategory.swift; sourceTree = "<group>"; };
		FF2E8AF030367B7100CD1F16 /* TVShowListModel.swift */ = {isa = PBXFileReference; lastKnownFileType = sourcecode.swift; path = TVShowListModel.swift; sourceTree = "<group>"; };
		FF2E8AF230367B7100CD1F16 /* TVShowListScreen.swift */ = {isa = PBXFileReference; lastKnownFileType = sourcecode.swift; path = TVShowListScreen.swift; sourceTree = "<group>"; };
		FF2E8AF43036EA6B00CD1F16 /* TVShowEntity.swift */ = {isa = PBXFileReference; lastKnownFileType = sourcecode.swift; path = TVShowEntity.swift; sourceTree = "<group>"; };
		FF2E8AF63036EAA100CD1F16 /* VisualIntelligenceQuery.swift */ = {isa = PBXFileReference; lastKnownFileType = sourcecode.swift; path = VisualIntelligenceQuery.swift; sourceTree = "<group>"; };
		FF74128D2895CF9900A79C7C /* TMDB.plist */ = {isa = PBXFileReference; lastKnownFileType = text.plist.xml; path = TMDB.plist; sourceTree = "<group>"; };
		FF7412932895D65F00A79C7C /* CinemaTVWidgetExtension.appex */ = {isa = PBXFileReference; explicitFileType = "wrapper.app-extension"; includeInIndex = 0; path = CinemaTVWidgetExtension.appex; sourceTree = BUILT_PRODUCTS_DIR; };
		FF7412952895D65F00A79C7C /* WidgetKit.framework */ = {isa = PBXFileReference; lastKnownFileType = wrapper.framework; name = WidgetKit.framework; path = System/Library/Frameworks/WidgetKit.framework; sourceTree = SDKROOT; };
		FF7412972895D65F00A79C7C /* SwiftUI.framework */ = {isa = PBXFileReference; lastKnownFileType = wrapper.framework; name = SwiftUI.framework; path = System/Library/Frameworks/SwiftUI.framework; sourceTree = SDKROOT; };
		FF74129A2895D65F00A79C7C /* CinemaTVWidget.swift */ = {isa = PBXFileReference; lastKnownFileType = sourcecode.swift; path = CinemaTVWidget.swift; sourceTree = "<group>"; };
		FF74129D2895D66000A79C7C /* Assets.xcassets */ = {isa = PBXFileReference; lastKnownFileType = folder.assetcatalog; path = Assets.xcassets; sourceTree = "<group>"; };
		FF74129F2895D66000A79C7C /* Info.plist */ = {isa = PBXFileReference; lastKnownFileType = text.plist.xml; path = Info.plist; sourceTree = "<group>"; };
		FF88FF332A3D4E86001BE0BC /* Localizable.xcstrings */ = {isa = PBXFileReference; lastKnownFileType = text.json.xcstrings; path = Localizable.xcstrings; sourceTree = "<group>"; };
		FF9F137B3031183A004819FD /* EpisodeDetailScreen.swift */ = {isa = PBXFileReference; lastKnownFileType = sourcecode.swift; path = EpisodeDetailScreen.swift; sourceTree = "<group>"; };
		FF9F13893032059B004819FD /* CinemaTV.icon */ = {isa = PBXFileReference; lastKnownFileType = folder.iconcomposer.icon; path = CinemaTV.icon; sourceTree = "<group>"; };
		FFB68A0128FDA7AB002D5888 /* CinemaTV.entitlements */ = {isa = PBXFileReference; lastKnownFileType = text.plist.entitlements; path = CinemaTV.entitlements; sourceTree = "<group>"; };
		FFB68A0228FDAAC8002D5888 /* Info.plist */ = {isa = PBXFileReference; lastKnownFileType = text.plist.xml; path = Info.plist; sourceTree = "<group>"; };
		FFCA557B302BB6210025941D /* ReviewCardRenderer.swift */ = {isa = PBXFileReference; lastKnownFileType = sourcecode.swift; path = ReviewCardRenderer.swift; sourceTree = "<group>"; };
		FFCA557D302BB6360025941D /* ReviewComposerSheet.swift */ = {isa = PBXFileReference; lastKnownFileType = sourcecode.swift; path = ReviewComposerSheet.swift; sourceTree = "<group>"; };
		FFCA558030308C2D0025941D /* TVShowDetailModel.swift */ = {isa = PBXFileReference; lastKnownFileType = sourcecode.swift; path = TVShowDetailModel.swift; sourceTree = "<group>"; };
		FFCA558230308C550025941D /* TVShowDetailScreen.swift */ = {isa = PBXFileReference; lastKnownFileType = sourcecode.swift; path = TVShowDetailScreen.swift; sourceTree = "<group>"; };
		FFCA558530308C5E0025941D /* SeasonModel.swift */ = {isa = PBXFileReference; lastKnownFileType = sourcecode.swift; path = SeasonModel.swift; sourceTree = "<group>"; };
		FFCA558730308C7A0025941D /* SeasonScreen.swift */ = {isa = PBXFileReference; lastKnownFileType = sourcecode.swift; path = SeasonScreen.swift; sourceTree = "<group>"; };
		FFCA55893030907A0025941D /* TVHomeModel.swift */ = {isa = PBXFileReference; lastKnownFileType = sourcecode.swift; path = TVHomeModel.swift; sourceTree = "<group>"; };
		FFFC45432A64C54C009F9D74 /* SwiftData.framework */ = {isa = PBXFileReference; lastKnownFileType = wrapper.framework; name = SwiftData.framework; path = System/Library/Frameworks/SwiftData.framework; sourceTree = SDKROOT; };
/* End PBXFileReference section */

/* Begin PBXFrameworksBuildPhase section */
		7D422455273810E1006236F8 /* Frameworks */ = {
			isa = PBXFrameworksBuildPhase;
			buildActionMask = 2147483647;
			files = (
				FFFC45452A64C55E009F9D74 /* SwiftUI.framework in Frameworks */,
				FFFC45442A64C54C009F9D74 /* SwiftData.framework in Frameworks */,
				FF21AC7D3008282D009764B1 /* CinemaTVDesignSystem in Frameworks */,
				FF21AC7B3008282D009764B1 /* CinemaTVCore in Frameworks */,
			);
			runOnlyForDeploymentPostprocessing = 0;
		};
		7D42246A273810E2006236F8 /* Frameworks */ = {
			isa = PBXFrameworksBuildPhase;
			buildActionMask = 2147483647;
			files = (
			);
			runOnlyForDeploymentPostprocessing = 0;
		};
		7D422474273810E2006236F8 /* Frameworks */ = {
			isa = PBXFrameworksBuildPhase;
			buildActionMask = 2147483647;
			files = (
			);
			runOnlyForDeploymentPostprocessing = 0;
		};
		FF7412902895D65F00A79C7C /* Frameworks */ = {
			isa = PBXFrameworksBuildPhase;
			buildActionMask = 2147483647;
			files = (
				FF7412982895D65F00A79C7C /* SwiftUI.framework in Frameworks */,
				FF7412962895D65F00A79C7C /* WidgetKit.framework in Frameworks */,
				CA57C0DE0000000000000003 /* CinemaTVCore in Frameworks */,
			);
			runOnlyForDeploymentPostprocessing = 0;
		};
/* End PBXFrameworksBuildPhase section */

/* Begin PBXGroup section */
		09E6E2E028DF954E00E7E856 /* LocalizedStrings */ = {
			isa = PBXGroup;
			children = (
				FF88FF332A3D4E86001BE0BC /* Localizable.xcstrings */,
			);
			path = LocalizedStrings;
			sourceTree = "<group>";
		};
		7D42244F273810E1006236F8 = {
			isa = PBXGroup;
			children = (
				FF9F13893032059B004819FD /* CinemaTV.icon */,
				FF21AC783007D591009764B1 /* CinemaTVWidgetExtension.entitlements */,
				7D42245A273810E1006236F8 /* CinemaTV */,
				FF7412992895D65F00A79C7C /* CinemaTVWidget */,
				7D422470273810E2006236F8 /* CinemaTVTests */,
				7D42247A273810E2006236F8 /* CinemaTVUITests */,
				FF7412942895D65F00A79C7C /* Frameworks */,
				7D422459273810E1006236F8 /* Products */,
			);
			sourceTree = "<group>";
		};
		7D422459273810E1006236F8 /* Products */ = {
			isa = PBXGroup;
			children = (
				7D422458273810E1006236F8 /* CinemaTV.app */,
				7D42246D273810E2006236F8 /* CinemaTVTests.xctest */,
				7D422477273810E2006236F8 /* CinemaTVUITests.xctest */,
				FF7412932895D65F00A79C7C /* CinemaTVWidgetExtension.appex */,
			);
			name = Products;
			sourceTree = "<group>";
		};
		7D42245A273810E1006236F8 /* CinemaTV */ = {
			isa = PBXGroup;
			children = (
				FFC8244228F1C20B0035D4BA /* Extensions */,
				09E6E2E028DF954E00E7E856 /* LocalizedStrings */,
				FF74128C2895CF5F00A79C7C /* Resources */,
				FFEF0AD8275E8D9B00D5593C /* Utils */,
				FF89E7F52884502A00C8B800 /* Search */,
				7D422461273810E2006236F8 /* Preview Content */,
				FF21AC7E3008DB96009764B1 /* Navigation */,
				FF21AC883008DBAC009764B1 /* App */,
				FF21AC8F3008DBF0009764B1 /* Platform */,
				FF21AC903008DBF7009764B1 /* Features */,
				FF21ACB530092B0A009764B1 /* Intents */,
			);
			path = CinemaTV;
			sourceTree = "<group>";
		};
		7D422461273810E2006236F8 /* Preview Content */ = {
			isa = PBXGroup;
			children = (
				7D422462273810E2006236F8 /* Preview Assets.xcassets */,
			);
			path = "Preview Content";
			sourceTree = "<group>";
		};
		7D422470273810E2006236F8 /* CinemaTVTests */ = {
			isa = PBXGroup;
			children = (
				7D422471273810E2006236F8 /* CinemaTVTests.swift */,
			);
			path = CinemaTVTests;
			sourceTree = "<group>";
		};
		7D42247A273810E2006236F8 /* CinemaTVUITests */ = {
			isa = PBXGroup;
			children = (
				7D42247B273810E2006236F8 /* CinemaTVUITests.swift */,
				7D42247D273810E2006236F8 /* CinemaTVUITestsLaunchTests.swift */,
			);
			path = CinemaTVUITests;
			sourceTree = "<group>";
		};
		FF21AC7E3008DB96009764B1 /* Navigation */ = {
			isa = PBXGroup;
			children = (
				FF21AC7F3008DB96009764B1 /* Route.swift */,
				FF21AC823008DB9D009764B1 /* DeepLink.swift */,
				FF21AC853008DBA0009764B1 /* AppRouter.swift */,
			);
			path = Navigation;
			sourceTree = "<group>";
		};
		FF21AC883008DBAC009764B1 /* App */ = {
			isa = PBXGroup;
			children = (
				FF21AC893008DBAC009764B1 /* AppEnvironment.swift */,
				FF21AC8C3008DBB8009764B1 /* AppShellView.swift */,
			);
			path = App;
			sourceTree = "<group>";
		};
		FF21AC8F3008DBF0009764B1 /* Platform */ = {
			isa = PBXGroup;
			children = (
				FF21ACAC3008DC64009764B1 /* YouTubePlayerView.swift */,
				FF21ACC530097C7A009764B1 /* MotionTiltManager.swift */,
				FF21ACC730097C82009764B1 /* Shaders.metal */,
			);
			path = Platform;
			sourceTree = "<group>";
		};
		FF21AC903008DBF7009764B1 /* Features */ = {
			isa = PBXGroup;
			children = (
				FF21AC913008DBFE009764B1 /* Home */,
				FF21AC923008DBFE009764B1 /* MovieList */,
				FF21AC933008DBFF009764B1 /* Search */,
				FF21AC943008DC00009764B1 /* MovieDetail */,
				FF21AC953008DC00009764B1 /* Watchlist */,
				FF21AC963008DC00009764B1 /* Person */,
				FF21ACCF300B82FF009764B1 /* Discover */,
				FFCA557A302BB6210025941D /* Reviews */,
				FFCA557F30308C2D0025941D /* TVShowDetail */,
				FFCA558430308C5E0025941D /* Season */,
				FF9F137A3031183A004819FD /* Episode */,
				FF2E8AED30367B7100CD1F16 /* TVShowList */,
			);
			path = Features;
			sourceTree = "<group>";
		};
		FF21AC913008DBFE009764B1 /* Home */ = {
			isa = PBXGroup;
			children = (
				FF21AC973008DC0D009764B1 /* HomeScreenModel.swift */,
				FF21AC9A3008DC15009764B1 /* HomeScreen.swift */,
				FFCA55893030907A0025941D /* TVHomeModel.swift */,
			);
			path = Home;
			sourceTree = "<group>";
		};
		FF21AC923008DBFE009764B1 /* MovieList */ = {
			isa = PBXGroup;
			children = (
				FF21AC9D3008DC1E009764B1 /* MovieListScreen.swift */,
			);
			path = MovieList;
			sourceTree = "<group>";
		};
		FF21AC933008DBFF009764B1 /* Search */ = {
			isa = PBXGroup;
			children = (
				FF21ACA03008DC27009764B1 /* SearchScreen.swift */,
			);
			path = Search;
			sourceTree = "<group>";
		};
		FF21AC943008DC00009764B1 /* MovieDetail */ = {
			isa = PBXGroup;
			children = (
				FF21ACA33008DC43009764B1 /* MovieDetailModel.swift */,
				FF21ACA63008DC59009764B1 /* MovieDetailScreen.swift */,
				FF21ACA93008DC5E009764B1 /* TrailerSection.swift */,
			);
			path = MovieDetail;
			sourceTree = "<group>";
		};
		FF21AC953008DC00009764B1 /* Watchlist */ = {
			isa = PBXGroup;
			children = (
				FF21ACAF3008DC99009764B1 /* WatchlistScreen.swift */,
				FF2CF8FD3036FBFD0019AE7F /* LibraryRefresher.swift */,
				FF2CF8FF3036FC050019AE7F /* PremiereNotifications.swift */,
			);
			path = Watchlist;
			sourceTree = "<group>";
		};
		FF21AC963008DC00009764B1 /* Person */ = {
			isa = PBXGroup;
			children = (
				FF21ACB23008DCA4009764B1 /* PersonScreen.swift */,
			);
			path = Person;
			sourceTree = "<group>";
		};
		FF21ACB530092B0A009764B1 /* Intents */ = {
			isa = PBXGroup;
			children = (
				FF21ACB630092B20009764B1 /* MovieEntity.swift */,
				FF21ACB930092B28009764B1 /* WatchlistIntents.swift */,
				FF21ACBC30092B2F009764B1 /* OpenIntents.swift */,
				FF21ACBF30092B34009764B1 /* CinemaTVShortcuts.swift */,
				FF21ACC230092B37009764B1 /* SpotlightIndexer.swift */,
				FF2E8AF43036EA6B00CD1F16 /* TVShowEntity.swift */,
				FF2E8AF63036EAA100CD1F16 /* VisualIntelligenceQuery.swift */,
			);
			path = Intents;
			sourceTree = "<group>";
		};
		FF21ACCF300B82FF009764B1 /* Discover */ = {
			isa = PBXGroup;
			children = (
				FF21ACD2300B8C4F009764B1 /* DiscoverScreen.swift */,
			);
			path = Discover;
			sourceTree = "<group>";
		};
		FF2E8AED30367B7100CD1F16 /* TVShowList */ = {
			isa = PBXGroup;
			children = (
				FF2E8AEE30367B7100CD1F16 /* TVShowCategory.swift */,
				FF2E8AF030367B7100CD1F16 /* TVShowListModel.swift */,
				FF2E8AF230367B7100CD1F16 /* TVShowListScreen.swift */,
			);
			path = TVShowList;
			sourceTree = "<group>";
		};
		FF51480329E0E2BE000A20EB /* WidgetViews */ = {
			isa = PBXGroup;
			children = (
			);
			path = WidgetViews;
			sourceTree = "<group>";
		};
		FF51480729E0E35E000A20EB /* WidgetEntry */ = {
			isa = PBXGroup;
			children = (
			);
			path = WidgetEntry;
			sourceTree = "<group>";
		};
		FF74128C2895CF5F00A79C7C /* Resources */ = {
			isa = PBXGroup;
			children = (
				FF21ACC9300A37C5009764B1 /* AppShortcuts.xcstrings */,
				FF21ACCA300A37C5009764B1 /* InfoPlist.xcstrings */,
				FFB68A0228FDAAC8002D5888 /* Info.plist */,
				FFB68A0128FDA7AB002D5888 /* CinemaTV.entitlements */,
				7D42245F273810E2006236F8 /* Assets.xcassets */,
				7D42245B273810E1006236F8 /* CinemaTVApp.swift */,
				FF74128D2895CF9900A79C7C /* TMDB.plist */,
			);
			path = Resources;
			sourceTree = "<group>";
		};
		FF7412942895D65F00A79C7C /* Frameworks */ = {
			isa = PBXGroup;
			children = (
				FFFC45432A64C54C009F9D74 /* SwiftData.framework */,
				FF7412952895D65F00A79C7C /* WidgetKit.framework */,
				FF7412972895D65F00A79C7C /* SwiftUI.framework */,
			);
			name = Frameworks;
			sourceTree = "<group>";
		};
		FF7412992895D65F00A79C7C /* CinemaTVWidget */ = {
			isa = PBXGroup;
			children = (
				FF21ACCD300A37C5009764B1 /* InfoPlist.xcstrings */,
				FF51480729E0E35E000A20EB /* WidgetEntry */,
				FF51480329E0E2BE000A20EB /* WidgetViews */,
				FF74129A2895D65F00A79C7C /* CinemaTVWidget.swift */,
				FF74129D2895D66000A79C7C /* Assets.xcassets */,
				FF74129F2895D66000A79C7C /* Info.plist */,
			);
			path = CinemaTVWidget;
			sourceTree = "<group>";
		};
		FF89E7F52884502A00C8B800 /* Search */ = {
			isa = PBXGroup;
			children = (
			);
			path = Search;
			sourceTree = "<group>";
		};
		FF9F137A3031183A004819FD /* Episode */ = {
			isa = PBXGroup;
			children = (
				FF9F137B3031183A004819FD /* EpisodeDetailScreen.swift */,
			);
			path = Episode;
			sourceTree = "<group>";
		};
		FFC8244228F1C20B0035D4BA /* Extensions */ = {
			isa = PBXGroup;
			children = (
			);
			path = Extensions;
			sourceTree = "<group>";
		};
		FFCA557A302BB6210025941D /* Reviews */ = {
			isa = PBXGroup;
			children = (
				FFCA557B302BB6210025941D /* ReviewCardRenderer.swift */,
				FFCA557D302BB6360025941D /* ReviewComposerSheet.swift */,
			);
			path = Reviews;
			sourceTree = "<group>";
		};
		FFCA557F30308C2D0025941D /* TVShowDetail */ = {
			isa = PBXGroup;
			children = (
				FFCA558030308C2D0025941D /* TVShowDetailModel.swift */,
				FFCA558230308C550025941D /* TVShowDetailScreen.swift */,
			);
			path = TVShowDetail;
			sourceTree = "<group>";
		};
		FFCA558430308C5E0025941D /* Season */ = {
			isa = PBXGroup;
			children = (
				FFCA558530308C5E0025941D /* SeasonModel.swift */,
				FFCA558730308C7A0025941D /* SeasonScreen.swift */,
			);
			path = Season;
			sourceTree = "<group>";
		};
		FFEF0AD8275E8D9B00D5593C /* Utils */ = {
			isa = PBXGroup;
			children = (
			);
			path = Utils;
			sourceTree = "<group>";
		};
/* End PBXGroup section */

/* Begin PBXNativeTarget section */
		7D422457273810E1006236F8 /* CinemaTV */ = {
			isa = PBXNativeTarget;
			buildConfigurationList = 7D422481273810E2006236F8 /* Build configuration list for PBXNativeTarget "CinemaTV" */;
			buildPhases = (
				7D422454273810E1006236F8 /* Sources */,
				7D422455273810E1006236F8 /* Frameworks */,
				7D422456273810E1006236F8 /* Resources */,
				FF7412A52895D66000A79C7C /* Embed Foundation Extensions */,
			);
			buildRules = (
			);
			dependencies = (
				FF7412A32895D66000A79C7C /* PBXTargetDependency */,
			);
			name = CinemaTV;
			packageProductDependencies = (
				FF21AC7A3008282D009764B1 /* CinemaTVCore */,
				FF21AC7C3008282D009764B1 /* CinemaTVDesignSystem */,
			);
			productName = CinemaTV;
			productReference = 7D422458273810E1006236F8 /* CinemaTV.app */;
			productType = "com.apple.product-type.application";
		};
		7D42246C273810E2006236F8 /* CinemaTVTests */ = {
			isa = PBXNativeTarget;
			buildConfigurationList = 7D422484273810E2006236F8 /* Build configuration list for PBXNativeTarget "CinemaTVTests" */;
			buildPhases = (
				7D422469273810E2006236F8 /* Sources */,
				7D42246A273810E2006236F8 /* Frameworks */,
				7D42246B273810E2006236F8 /* Resources */,
			);
			buildRules = (
			);
			dependencies = (
				7D42246F273810E2006236F8 /* PBXTargetDependency */,
			);
			name = CinemaTVTests;
			productName = CinemaTVTests;
			productReference = 7D42246D273810E2006236F8 /* CinemaTVTests.xctest */;
			productType = "com.apple.product-type.bundle.unit-test";
		};
		7D422476273810E2006236F8 /* CinemaTVUITests */ = {
			isa = PBXNativeTarget;
			buildConfigurationList = 7D422487273810E2006236F8 /* Build configuration list for PBXNativeTarget "CinemaTVUITests" */;
			buildPhases = (
				7D422473273810E2006236F8 /* Sources */,
				7D422474273810E2006236F8 /* Frameworks */,
				7D422475273810E2006236F8 /* Resources */,
			);
			buildRules = (
			);
			dependencies = (
				7D422479273810E2006236F8 /* PBXTargetDependency */,
			);
			name = CinemaTVUITests;
			productName = CinemaTVUITests;
			productReference = 7D422477273810E2006236F8 /* CinemaTVUITests.xctest */;
			productType = "com.apple.product-type.bundle.ui-testing";
		};
		FF7412922895D65F00A79C7C /* CinemaTVWidgetExtension */ = {
			isa = PBXNativeTarget;
			buildConfigurationList = FF7412A82895D66000A79C7C /* Build configuration list for PBXNativeTarget "CinemaTVWidgetExtension" */;
			buildPhases = (
				FF74128F2895D65F00A79C7C /* Sources */,
				FF7412902895D65F00A79C7C /* Frameworks */,
				FF7412912895D65F00A79C7C /* Resources */,
			);
			buildRules = (
			);
			dependencies = (
			);
			name = CinemaTVWidgetExtension;
			packageProductDependencies = (
				CA57C0DE0000000000000103 /* CinemaTVCore */,
			);
			productName = CinemaTVWidgetExtension;
			productReference = FF7412932895D65F00A79C7C /* CinemaTVWidgetExtension.appex */;
			productType = "com.apple.product-type.app-extension";
		};
/* End PBXNativeTarget section */

/* Begin PBXProject section */
		7D422450273810E1006236F8 /* Project object */ = {
			isa = PBXProject;
			attributes = {
				BuildIndependentTargetsInParallel = 1;
				LastSwiftUpdateCheck = 1340;
				LastUpgradeCheck = 1410;
				TargetAttributes = {
					7D422457273810E1006236F8 = {
						CreatedOnToolsVersion = 13.1;
					};
					7D42246C273810E2006236F8 = {
						CreatedOnToolsVersion = 13.1;
						TestTargetID = 7D422457273810E1006236F8;
					};
					7D422476273810E2006236F8 = {
						CreatedOnToolsVersion = 13.1;
						TestTargetID = 7D422457273810E1006236F8;
					};
					FF7412922895D65F00A79C7C = {
						CreatedOnToolsVersion = 13.4.1;
					};
				};
			};
			buildConfigurationList = 7D422453273810E1006236F8 /* Build configuration list for PBXProject "CinemaTV" */;
			compatibilityVersion = "Xcode 13.0";
			developmentRegion = en;
			hasScannedForEncodings = 0;
			knownRegions = (
				en,
				Base,
				"pt-BR",
			);
			mainGroup = 7D42244F273810E1006236F8;
			packageReferences = (
				FF21AC793008282D009764B1 /* XCLocalSwiftPackageReference "Packages/CinemaTVKit" */,
			);
			productRefGroup = 7D422459273810E1006236F8 /* Products */;
			projectDirPath = "";
			projectRoot = "";
			targets = (
				7D422457273810E1006236F8 /* CinemaTV */,
				7D42246C273810E2006236F8 /* CinemaTVTests */,
				7D422476273810E2006236F8 /* CinemaTVUITests */,
				FF7412922895D65F00A79C7C /* CinemaTVWidgetExtension */,
			);
		};
/* End PBXProject section */

/* Begin PBXResourcesBuildPhase section */
		7D422456273810E1006236F8 /* Resources */ = {
			isa = PBXResourcesBuildPhase;
			buildActionMask = 2147483647;
			files = (
				FF88FF342A3D4E86001BE0BC /* Localizable.xcstrings in Resources */,
				FF74128E2895CF9900A79C7C /* TMDB.plist in Resources */,
				FF21ACCB300A37C5009764B1 /* InfoPlist.xcstrings in Resources */,
				FF21ACCC300A37C5009764B1 /* AppShortcuts.xcstrings in Resources */,
				7D422463273810E2006236F8 /* Preview Assets.xcassets in Resources */,
				FF9F138A3032059B004819FD /* CinemaTV.icon in Resources */,
				7D422460273810E2006236F8 /* Assets.xcassets in Resources */,
			);
			runOnlyForDeploymentPostprocessing = 0;
		};
		7D42246B273810E2006236F8 /* Resources */ = {
			isa = PBXResourcesBuildPhase;
			buildActionMask = 2147483647;
			files = (
			);
			runOnlyForDeploymentPostprocessing = 0;
		};
		7D422475273810E2006236F8 /* Resources */ = {
			isa = PBXResourcesBuildPhase;
			buildActionMask = 2147483647;
			files = (
			);
			runOnlyForDeploymentPostprocessing = 0;
		};
		FF7412912895D65F00A79C7C /* Resources */ = {
			isa = PBXResourcesBuildPhase;
			buildActionMask = 2147483647;
			files = (
				FF9F138B3032059B004819FD /* CinemaTV.icon in Resources */,
				FF74129E2895D66000A79C7C /* Assets.xcassets in Resources */,
				FF88FF352A3D4E86001BE0BC /* Localizable.xcstrings in Resources */,
				FF21ACCE300A37C5009764B1 /* InfoPlist.xcstrings in Resources */,
				FFC3FBC42895F727000E379E /* TMDB.plist in Resources */,
			);
			runOnlyForDeploymentPostprocessing = 0;
		};
/* End PBXResourcesBuildPhase section */

/* Begin PBXSourcesBuildPhase section */
		7D422454273810E1006236F8 /* Sources */ = {
			isa = PBXSourcesBuildPhase;
			buildActionMask = 2147483647;
			files = (
				FF21ACC830097C82009764B1 /* Shaders.metal in Sources */,
				FF21ACB730092B20009764B1 /* MovieEntity.swift in Sources */,
				FF21ACD3300B8C4F009764B1 /* DiscoverScreen.swift in Sources */,
				FF21AC8D3008DBB8009764B1 /* AppShellView.swift in Sources */,
				FF21ACAD3008DC64009764B1 /* YouTubePlayerView.swift in Sources */,
				FFCA558A3030907A0025941D /* TVHomeModel.swift in Sources */,
				FF21ACBA30092B28009764B1 /* WatchlistIntents.swift in Sources */,
				FF21AC803008DB96009764B1 /* Route.swift in Sources */,
				FF2E8AF130367B7100CD1F16 /* TVShowListModel.swift in Sources */,
				FF21AC993008DC0D009764B1 /* HomeScreenModel.swift in Sources */,
				FF21ACA53008DC43009764B1 /* MovieDetailModel.swift in Sources */,
				FF21ACB13008DC99009764B1 /* WatchlistScreen.swift in Sources */,
				FF21ACA23008DC27009764B1 /* SearchScreen.swift in Sources */,
				FF21ACAB3008DC5E009764B1 /* TrailerSection.swift in Sources */,
				FF2E8AEF30367B7100CD1F16 /* TVShowCategory.swift in Sources */,
				FF21ACC630097C7A009764B1 /* MotionTiltManager.swift in Sources */,
				FF2E8AF73036EAA100CD1F16 /* VisualIntelligenceQuery.swift in Sources */,
				FFCA558330308C550025941D /* TVShowDetailScreen.swift in Sources */,
				FF21ACBD30092B2F009764B1 /* OpenIntents.swift in Sources */,
				FF9F137C3031183A004819FD /* EpisodeDetailScreen.swift in Sources */,
				FFCA558630308C5E0025941D /* SeasonModel.swift in Sources */,
				FF21AC9F3008DC1E009764B1 /* MovieListScreen.swift in Sources */,
				FF2E8AF53036EA6B00CD1F16 /* TVShowEntity.swift in Sources */,
				FF2E8AF330367B7100CD1F16 /* TVShowListScreen.swift in Sources */,
				FF21ACC330092B37009764B1 /* SpotlightIndexer.swift in Sources */,
				FF21ACC130092B34009764B1 /* CinemaTVShortcuts.swift in Sources */,
				FFCA558130308C2D0025941D /* TVShowDetailModel.swift in Sources */,
				7D42245C273810E1006236F8 /* CinemaTVApp.swift in Sources */,
				FF2CF8FE3036FBFD0019AE7F /* LibraryRefresher.swift in Sources */,
				FF21AC833008DB9D009764B1 /* DeepLink.swift in Sources */,
				FFCA558830308C7A0025941D /* SeasonScreen.swift in Sources */,
				FF21ACB43008DCA4009764B1 /* PersonScreen.swift in Sources */,
				FF21AC863008DBA0009764B1 /* AppRouter.swift in Sources */,
				FF21AC9B3008DC15009764B1 /* HomeScreen.swift in Sources */,
				FF21ACA83008DC59009764B1 /* MovieDetailScreen.swift in Sources */,
				FF21AC8B3008DBAC009764B1 /* AppEnvironment.swift in Sources */,
				FFCA557C302BB6210025941D /* ReviewCardRenderer.swift in Sources */,
				FF2CF9003036FC050019AE7F /* PremiereNotifications.swift in Sources */,
				FFCA557E302BB6360025941D /* ReviewComposerSheet.swift in Sources */,
			);
			runOnlyForDeploymentPostprocessing = 0;
		};
		7D422469273810E2006236F8 /* Sources */ = {
			isa = PBXSourcesBuildPhase;
			buildActionMask = 2147483647;
			files = (
				7D422472273810E2006236F8 /* CinemaTVTests.swift in Sources */,
			);
			runOnlyForDeploymentPostprocessing = 0;
		};
		7D422473273810E2006236F8 /* Sources */ = {
			isa = PBXSourcesBuildPhase;
			buildActionMask = 2147483647;
			files = (
				7D42247E273810E2006236F8 /* CinemaTVUITestsLaunchTests.swift in Sources */,
				7D42247C273810E2006236F8 /* CinemaTVUITests.swift in Sources */,
			);
			runOnlyForDeploymentPostprocessing = 0;
		};
		FF74128F2895D65F00A79C7C /* Sources */ = {
			isa = PBXSourcesBuildPhase;
			buildActionMask = 2147483647;
			files = (
				FF74129B2895D65F00A79C7C /* CinemaTVWidget.swift in Sources */,
			);
			runOnlyForDeploymentPostprocessing = 0;
		};
/* End PBXSourcesBuildPhase section */

/* Begin PBXTargetDependency section */
		7D42246F273810E2006236F8 /* PBXTargetDependency */ = {
			isa = PBXTargetDependency;
			target = 7D422457273810E1006236F8 /* CinemaTV */;
			targetProxy = 7D42246E273810E2006236F8 /* PBXContainerItemProxy */;
		};
		7D422479273810E2006236F8 /* PBXTargetDependency */ = {
			isa = PBXTargetDependency;
			target = 7D422457273810E1006236F8 /* CinemaTV */;
			targetProxy = 7D422478273810E2006236F8 /* PBXContainerItemProxy */;
		};
		FF7412A32895D66000A79C7C /* PBXTargetDependency */ = {
			isa = PBXTargetDependency;
			target = FF7412922895D65F00A79C7C /* CinemaTVWidgetExtension */;
			targetProxy = FF7412A22895D66000A79C7C /* PBXContainerItemProxy */;
		};
/* End PBXTargetDependency section */

/* Begin XCBuildConfiguration section */
		7D42247F273810E2006236F8 /* Debug */ = {
			isa = XCBuildConfiguration;
			buildSettings = {
				ALWAYS_SEARCH_USER_PATHS = NO;
				CLANG_ANALYZER_LOCALIZABILITY_NONLOCALIZED = YES;
				CLANG_ANALYZER_NONNULL = YES;
				CLANG_ANALYZER_NUMBER_OBJECT_CONVERSION = YES_AGGRESSIVE;
				CLANG_CXX_LANGUAGE_STANDARD = "gnu++17";
				CLANG_CXX_LIBRARY = "libc++";
				CLANG_ENABLE_MODULES = YES;
				CLANG_ENABLE_OBJC_ARC = YES;
				CLANG_ENABLE_OBJC_WEAK = YES;
				CLANG_WARN_BLOCK_CAPTURE_AUTORELEASING = YES;
				CLANG_WARN_BOOL_CONVERSION = YES;
				CLANG_WARN_COMMA = YES;
				CLANG_WARN_CONSTANT_CONVERSION = YES;
				CLANG_WARN_DEPRECATED_OBJC_IMPLEMENTATIONS = YES;
				CLANG_WARN_DIRECT_OBJC_ISA_USAGE = YES_ERROR;
				CLANG_WARN_DOCUMENTATION_COMMENTS = YES;
				CLANG_WARN_EMPTY_BODY = YES;
				CLANG_WARN_ENUM_CONVERSION = YES;
				CLANG_WARN_INFINITE_RECURSION = YES;
				CLANG_WARN_INT_CONVERSION = YES;
				CLANG_WARN_NON_LITERAL_NULL_CONVERSION = YES;
				CLANG_WARN_OBJC_IMPLICIT_RETAIN_SELF = YES;
				CLANG_WARN_OBJC_LITERAL_CONVERSION = YES;
				CLANG_WARN_OBJC_ROOT_CLASS = YES_ERROR;
				CLANG_WARN_QUOTED_INCLUDE_IN_FRAMEWORK_HEADER = YES;
				CLANG_WARN_RANGE_LOOP_ANALYSIS = YES;
				CLANG_WARN_STRICT_PROTOTYPES = YES;
				CLANG_WARN_SUSPICIOUS_MOVE = YES;
				CLANG_WARN_UNGUARDED_AVAILABILITY = YES_AGGRESSIVE;
				CLANG_WARN_UNREACHABLE_CODE = YES;
				CLANG_WARN__DUPLICATE_METHOD_MATCH = YES;
				COPY_PHASE_STRIP = NO;
				DEBUG_INFORMATION_FORMAT = dwarf;
				ENABLE_STRICT_OBJC_MSGSEND = YES;
				ENABLE_TESTABILITY = YES;
				GCC_C_LANGUAGE_STANDARD = gnu11;
				GCC_DYNAMIC_NO_PIC = NO;
				GCC_NO_COMMON_BLOCKS = YES;
				GCC_OPTIMIZATION_LEVEL = 0;
				GCC_PREPROCESSOR_DEFINITIONS = (
					"DEBUG=1",
					"$(inherited)",
				);
				GCC_WARN_64_TO_32_BIT_CONVERSION = YES;
				GCC_WARN_ABOUT_RETURN_TYPE = YES_ERROR;
				GCC_WARN_UNDECLARED_SELECTOR = YES;
				GCC_WARN_UNINITIALIZED_AUTOS = YES_AGGRESSIVE;
				GCC_WARN_UNUSED_FUNCTION = YES;
				GCC_WARN_UNUSED_VARIABLE = YES;
				IPHONEOS_DEPLOYMENT_TARGET = 17.0;
				MTL_ENABLE_DEBUG_INFO = INCLUDE_SOURCE;
				MTL_FAST_MATH = YES;
				ONLY_ACTIVE_ARCH = YES;
				SDKROOT = iphoneos;
				SWIFT_ACTIVE_COMPILATION_CONDITIONS = DEBUG;
				SWIFT_OPTIMIZATION_LEVEL = "-Onone";
			};
			name = Debug;
		};
		7D422480273810E2006236F8 /* Release */ = {
			isa = XCBuildConfiguration;
			buildSettings = {
				ALWAYS_SEARCH_USER_PATHS = NO;
				CLANG_ANALYZER_LOCALIZABILITY_NONLOCALIZED = YES;
				CLANG_ANALYZER_NONNULL = YES;
				CLANG_ANALYZER_NUMBER_OBJECT_CONVERSION = YES_AGGRESSIVE;
				CLANG_CXX_LANGUAGE_STANDARD = "gnu++17";
				CLANG_CXX_LIBRARY = "libc++";
				CLANG_ENABLE_MODULES = YES;
				CLANG_ENABLE_OBJC_ARC = YES;
				CLANG_ENABLE_OBJC_WEAK = YES;
				CLANG_WARN_BLOCK_CAPTURE_AUTORELEASING = YES;
				CLANG_WARN_BOOL_CONVERSION = YES;
				CLANG_WARN_COMMA = YES;
				CLANG_WARN_CONSTANT_CONVERSION = YES;
				CLANG_WARN_DEPRECATED_OBJC_IMPLEMENTATIONS = YES;
				CLANG_WARN_DIRECT_OBJC_ISA_USAGE = YES_ERROR;
				CLANG_WARN_DOCUMENTATION_COMMENTS = YES;
				CLANG_WARN_EMPTY_BODY = YES;
				CLANG_WARN_ENUM_CONVERSION = YES;
				CLANG_WARN_INFINITE_RECURSION = YES;
				CLANG_WARN_INT_CONVERSION = YES;
				CLANG_WARN_NON_LITERAL_NULL_CONVERSION = YES;
				CLANG_WARN_OBJC_IMPLICIT_RETAIN_SELF = YES;
				CLANG_WARN_OBJC_LITERAL_CONVERSION = YES;
				CLANG_WARN_OBJC_ROOT_CLASS = YES_ERROR;
				CLANG_WARN_QUOTED_INCLUDE_IN_FRAMEWORK_HEADER = YES;
				CLANG_WARN_RANGE_LOOP_ANALYSIS = YES;
				CLANG_WARN_STRICT_PROTOTYPES = YES;
				CLANG_WARN_SUSPICIOUS_MOVE = YES;
				CLANG_WARN_UNGUARDED_AVAILABILITY = YES_AGGRESSIVE;
				CLANG_WARN_UNREACHABLE_CODE = YES;
				CLANG_WARN__DUPLICATE_METHOD_MATCH = YES;
				COPY_PHASE_STRIP = NO;
				DEBUG_INFORMATION_FORMAT = "dwarf-with-dsym";
				ENABLE_NS_ASSERTIONS = NO;
				ENABLE_STRICT_OBJC_MSGSEND = YES;
				GCC_C_LANGUAGE_STANDARD = gnu11;
				GCC_NO_COMMON_BLOCKS = YES;
				GCC_WARN_64_TO_32_BIT_CONVERSION = YES;
				GCC_WARN_ABOUT_RETURN_TYPE = YES_ERROR;
				GCC_WARN_UNDECLARED_SELECTOR = YES;
				GCC_WARN_UNINITIALIZED_AUTOS = YES_AGGRESSIVE;
				GCC_WARN_UNUSED_FUNCTION = YES;
				GCC_WARN_UNUSED_VARIABLE = YES;
				IPHONEOS_DEPLOYMENT_TARGET = 17.0;
				MTL_ENABLE_DEBUG_INFO = NO;
				MTL_FAST_MATH = YES;
				SDKROOT = iphoneos;
				SWIFT_COMPILATION_MODE = wholemodule;
				SWIFT_OPTIMIZATION_LEVEL = "-O";
				VALIDATE_PRODUCT = YES;
			};
			name = Release;
		};
		7D422482273810E2006236F8 /* Debug */ = {
			isa = XCBuildConfiguration;
			buildSettings = {
				ALWAYS_EMBED_SWIFT_STANDARD_LIBRARIES = YES;
				ASSETCATALOG_COMPILER_APPICON_NAME = CinemaTV;
				ASSETCATALOG_COMPILER_GLOBAL_ACCENT_COLOR_NAME = AccentColor;
				CODE_SIGN_ENTITLEMENTS = CinemaTV/Resources/CinemaTV.entitlements;
				CODE_SIGN_IDENTITY = "Apple Development";
				CODE_SIGN_STYLE = Automatic;
				CURRENT_PROJECT_VERSION = 1;
				DEVELOPMENT_ASSET_PATHS = "\"CinemaTV/Preview Content\"";
				DEVELOPMENT_TEAM = SM9KCJGMUP;
				ENABLE_PREVIEWS = YES;
				GENERATE_INFOPLIST_FILE = YES;
				INFOPLIST_FILE = CinemaTV/Resources/Info.plist;
				INFOPLIST_KEY_CFBundleDisplayName = CinemaTV;
				INFOPLIST_KEY_ITSAppUsesNonExemptEncryption = NO;
				INFOPLIST_KEY_LSApplicationCategoryType = "public.app-category.entertainment";
				INFOPLIST_KEY_UIApplicationSceneManifest_Generation = YES;
				INFOPLIST_KEY_UIApplicationSupportsIndirectInputEvents = YES;
				INFOPLIST_KEY_UILaunchScreen_Generation = YES;
				INFOPLIST_KEY_UIRequiresFullScreen = NO;
				INFOPLIST_KEY_UISupportedInterfaceOrientations = UIInterfaceOrientationPortrait;
				INFOPLIST_KEY_UISupportedInterfaceOrientations_iPad = "UIInterfaceOrientationLandscapeLeft UIInterfaceOrientationLandscapeRight UIInterfaceOrientationPortrait UIInterfaceOrientationPortraitUpsideDown";
				IPHONEOS_DEPLOYMENT_TARGET = 27.0;
				LD_RUNPATH_SEARCH_PATHS = (
					"$(inherited)",
					"@executable_path/Frameworks",
				);
				MARKETING_VERSION = 1.0.1;
				PRODUCT_BUNDLE_IDENTIFIER = com.danilorequena.CinemaTV;
				PRODUCT_NAME = "$(TARGET_NAME)";
				PROVISIONING_PROFILE_SPECIFIER = "";
				REGISTER_APP_GROUPS = YES;
				SUPPORTED_PLATFORMS = "iphoneos iphonesimulator";
				SUPPORTS_MACCATALYST = NO;
				SUPPORTS_MAC_DESIGNED_FOR_IPHONE_IPAD = YES;
				SWIFT_APPROACHABLE_CONCURRENCY = YES;
				SWIFT_DEFAULT_ACTOR_ISOLATION = nonisolated;
				SWIFT_EMIT_LOC_STRINGS = YES;
				SWIFT_VERSION = 6.0;
				TARGETED_DEVICE_FAMILY = "1,2";
			};
			name = Debug;
		};
		7D422483273810E2006236F8 /* Release */ = {
			isa = XCBuildConfiguration;
			buildSettings = {
				ALWAYS_EMBED_SWIFT_STANDARD_LIBRARIES = YES;
				ASSETCATALOG_COMPILER_APPICON_NAME = CinemaTV;
				ASSETCATALOG_COMPILER_GLOBAL_ACCENT_COLOR_NAME = AccentColor;
				CODE_SIGN_ENTITLEMENTS = CinemaTV/Resources/CinemaTV.entitlements;
				CODE_SIGN_IDENTITY = "Apple Development";
				CODE_SIGN_STYLE = Automatic;
				CURRENT_PROJECT_VERSION = 1;
				DEVELOPMENT_ASSET_PATHS = "\"CinemaTV/Preview Content\"";
				DEVELOPMENT_TEAM = SM9KCJGMUP;
				ENABLE_PREVIEWS = YES;
				GENERATE_INFOPLIST_FILE = YES;
				INFOPLIST_FILE = CinemaTV/Resources/Info.plist;
				INFOPLIST_KEY_CFBundleDisplayName = CinemaTV;
				INFOPLIST_KEY_ITSAppUsesNonExemptEncryption = NO;
				INFOPLIST_KEY_LSApplicationCategoryType = "public.app-category.entertainment";
				INFOPLIST_KEY_UIApplicationSceneManifest_Generation = YES;
				INFOPLIST_KEY_UIApplicationSupportsIndirectInputEvents = YES;
				INFOPLIST_KEY_UILaunchScreen_Generation = YES;
				INFOPLIST_KEY_UIRequiresFullScreen = NO;
				INFOPLIST_KEY_UISupportedInterfaceOrientations = UIInterfaceOrientationPortrait;
				INFOPLIST_KEY_UISupportedInterfaceOrientations_iPad = "UIInterfaceOrientationLandscapeLeft UIInterfaceOrientationLandscapeRight UIInterfaceOrientationPortrait UIInterfaceOrientationPortraitUpsideDown";
				IPHONEOS_DEPLOYMENT_TARGET = 27.0;
				LD_RUNPATH_SEARCH_PATHS = (
					"$(inherited)",
					"@executable_path/Frameworks",
				);
				MARKETING_VERSION = 1.0.1;
				PRODUCT_BUNDLE_IDENTIFIER = com.danilorequena.CinemaTV;
				PRODUCT_NAME = "$(TARGET_NAME)";
				PROVISIONING_PROFILE_SPECIFIER = "";
				REGISTER_APP_GROUPS = YES;
				SUPPORTED_PLATFORMS = "iphoneos iphonesimulator";
				SUPPORTS_MACCATALYST = NO;
				SUPPORTS_MAC_DESIGNED_FOR_IPHONE_IPAD = YES;
				SWIFT_APPROACHABLE_CONCURRENCY = YES;
				SWIFT_DEFAULT_ACTOR_ISOLATION = nonisolated;
				SWIFT_EMIT_LOC_STRINGS = YES;
				SWIFT_VERSION = 6.0;
				TARGETED_DEVICE_FAMILY = "1,2";
			};
			name = Release;
		};
		7D422485273810E2006236F8 /* Debug */ = {
			isa = XCBuildConfiguration;
			buildSettings = {
				ALWAYS_EMBED_SWIFT_STANDARD_LIBRARIES = YES;
				BUNDLE_LOADER = "$(TEST_HOST)";
				CODE_SIGN_STYLE = Automatic;
				CURRENT_PROJECT_VERSION = 1;
				DEVELOPMENT_TEAM = SM9KCJGMUP;
				GENERATE_INFOPLIST_FILE = YES;
				IPHONEOS_DEPLOYMENT_TARGET = 27.0;
				LD_RUNPATH_SEARCH_PATHS = (
					"$(inherited)",
					"@executable_path/Frameworks",
					"@loader_path/Frameworks",
				);
				MARKETING_VERSION = 1.0;
				PRODUCT_BUNDLE_IDENTIFIER = com.danilorequena.CinemaTVTests;
				PRODUCT_NAME = "$(TARGET_NAME)";
				SWIFT_EMIT_LOC_STRINGS = NO;
				SWIFT_VERSION = 6.0;
				TARGETED_DEVICE_FAMILY = "1,2";
				TEST_HOST = "$(BUILT_PRODUCTS_DIR)/CinemaTV.app/CinemaTV";
			};
			name = Debug;
		};
		7D422486273810E2006236F8 /* Release */ = {
			isa = XCBuildConfiguration;
			buildSettings = {
				ALWAYS_EMBED_SWIFT_STANDARD_LIBRARIES = YES;
				BUNDLE_LOADER = "$(TEST_HOST)";
				CODE_SIGN_STYLE = Automatic;
				CURRENT_PROJECT_VERSION = 1;
				DEVELOPMENT_TEAM = SM9KCJGMUP;
				GENERATE_INFOPLIST_FILE = YES;
				IPHONEOS_DEPLOYMENT_TARGET = 27.0;
				LD_RUNPATH_SEARCH_PATHS = (
					"$(inherited)",
					"@executable_path/Frameworks",
					"@loader_path/Frameworks",
				);
				MARKETING_VERSION = 1.0;
				PRODUCT_BUNDLE_IDENTIFIER = com.danilorequena.CinemaTVTests;
				PRODUCT_NAME = "$(TARGET_NAME)";
				SWIFT_EMIT_LOC_STRINGS = NO;
				SWIFT_VERSION = 6.0;
				TARGETED_DEVICE_FAMILY = "1,2";
				TEST_HOST = "$(BUILT_PRODUCTS_DIR)/CinemaTV.app/CinemaTV";
			};
			name = Release;
		};
		7D422488273810E2006236F8 /* Debug */ = {
			isa = XCBuildConfiguration;
			buildSettings = {
				ALWAYS_EMBED_SWIFT_STANDARD_LIBRARIES = YES;
				CODE_SIGN_STYLE = Automatic;
				CURRENT_PROJECT_VERSION = 1;
				DEVELOPMENT_TEAM = SM9KCJGMUP;
				GENERATE_INFOPLIST_FILE = YES;
				IPHONEOS_DEPLOYMENT_TARGET = 27.0;
				LD_RUNPATH_SEARCH_PATHS = (
					"$(inherited)",
					"@executable_path/Frameworks",
					"@loader_path/Frameworks",
				);
				MARKETING_VERSION = 1.0;
				PRODUCT_BUNDLE_IDENTIFIER = com.danilorequena.CinemaTVUITests;
				PRODUCT_NAME = "$(TARGET_NAME)";
				SWIFT_EMIT_LOC_STRINGS = NO;
				SWIFT_VERSION = 6.0;
				TARGETED_DEVICE_FAMILY = "1,2";
				TEST_TARGET_NAME = CinemaTV;
			};
			name = Debug;
		};
		7D422489273810E2006236F8 /* Release */ = {
			isa = XCBuildConfiguration;
			buildSettings = {
				ALWAYS_EMBED_SWIFT_STANDARD_LIBRARIES = YES;
				CODE_SIGN_STYLE = Automatic;
				CURRENT_PROJECT_VERSION = 1;
				DEVELOPMENT_TEAM = SM9KCJGMUP;
				GENERATE_INFOPLIST_FILE = YES;
				IPHONEOS_DEPLOYMENT_TARGET = 27.0;
				LD_RUNPATH_SEARCH_PATHS = (
					"$(inherited)",
					"@executable_path/Frameworks",
					"@loader_path/Frameworks",
				);
				MARKETING_VERSION = 1.0;
				PRODUCT_BUNDLE_IDENTIFIER = com.danilorequena.CinemaTVUITests;
				PRODUCT_NAME = "$(TARGET_NAME)";
				SWIFT_EMIT_LOC_STRINGS = NO;
				SWIFT_VERSION = 6.0;
				TARGETED_DEVICE_FAMILY = "1,2";
				TEST_TARGET_NAME = CinemaTV;
			};
			name = Release;
		};
		FF7412A62895D66000A79C7C /* Debug */ = {
			isa = XCBuildConfiguration;
			buildSettings = {
				ASSETCATALOG_COMPILER_GLOBAL_ACCENT_COLOR_NAME = AccentColor;
				ASSETCATALOG_COMPILER_WIDGET_BACKGROUND_COLOR_NAME = WidgetBackground;
				CODE_SIGN_ENTITLEMENTS = CinemaTVWidgetExtension.entitlements;
				CODE_SIGN_IDENTITY = "Apple Development";
				CODE_SIGN_STYLE = Automatic;
				CURRENT_PROJECT_VERSION = 1;
				DEVELOPMENT_TEAM = SM9KCJGMUP;
				GENERATE_INFOPLIST_FILE = YES;
				INFOPLIST_FILE = CinemaTVWidget/Info.plist;
				INFOPLIST_KEY_CFBundleDisplayName = CinemaTVWidget;
				INFOPLIST_KEY_NSHumanReadableCopyright = "";
				IPHONEOS_DEPLOYMENT_TARGET = 27.0;
				LD_RUNPATH_SEARCH_PATHS = (
					"$(inherited)",
					"@executable_path/Frameworks",
					"@executable_path/../../Frameworks",
				);
				MARKETING_VERSION = 1.0;
				PRODUCT_BUNDLE_IDENTIFIER = com.danilorequena.CinemaTV.CinemaTVWidget;
				PRODUCT_NAME = "$(TARGET_NAME)";
				REGISTER_APP_GROUPS = YES;
				SKIP_INSTALL = YES;
				SWIFT_APPROACHABLE_CONCURRENCY = YES;
				SWIFT_DEFAULT_ACTOR_ISOLATION = nonisolated;
				SWIFT_EMIT_LOC_STRINGS = YES;
				SWIFT_VERSION = 6.0;
				TARGETED_DEVICE_FAMILY = "1,2";
			};
			name = Debug;
		};
		FF7412A72895D66000A79C7C /* Release */ = {
			isa = XCBuildConfiguration;
			buildSettings = {
				ASSETCATALOG_COMPILER_GLOBAL_ACCENT_COLOR_NAME = AccentColor;
				ASSETCATALOG_COMPILER_WIDGET_BACKGROUND_COLOR_NAME = WidgetBackground;
				CODE_SIGN_ENTITLEMENTS = CinemaTVWidgetExtension.entitlements;
				CODE_SIGN_IDENTITY = "Apple Development";
				CODE_SIGN_STYLE = Automatic;
				CURRENT_PROJECT_VERSION = 1;
				DEVELOPMENT_TEAM = SM9KCJGMUP;
				GENERATE_INFOPLIST_FILE = YES;
				INFOPLIST_FILE = CinemaTVWidget/Info.plist;
				INFOPLIST_KEY_CFBundleDisplayName = CinemaTVWidget;
				INFOPLIST_KEY_NSHumanReadableCopyright = "";
				IPHONEOS_DEPLOYMENT_TARGET = 27.0;
				LD_RUNPATH_SEARCH_PATHS = (
					"$(inherited)",
					"@executable_path/Frameworks",
					"@executable_path/../../Frameworks",
				);
				MARKETING_VERSION = 1.0;
				PRODUCT_BUNDLE_IDENTIFIER = com.danilorequena.CinemaTV.CinemaTVWidget;
				PRODUCT_NAME = "$(TARGET_NAME)";
				REGISTER_APP_GROUPS = YES;
				SKIP_INSTALL = YES;
				SWIFT_APPROACHABLE_CONCURRENCY = YES;
				SWIFT_DEFAULT_ACTOR_ISOLATION = nonisolated;
				SWIFT_EMIT_LOC_STRINGS = YES;
				SWIFT_VERSION = 6.0;
				TARGETED_DEVICE_FAMILY = "1,2";
			};
			name = Release;
		};
/* End XCBuildConfiguration section */

/* Begin XCConfigurationList section */
		7D422453273810E1006236F8 /* Build configuration list for PBXProject "CinemaTV" */ = {
			isa = XCConfigurationList;
			buildConfigurations = (
				7D42247F273810E2006236F8 /* Debug */,
				7D422480273810E2006236F8 /* Release */,
			);
			defaultConfigurationIsVisible = 0;
			defaultConfigurationName = Release;
		};
		7D422481273810E2006236F8 /* Build configuration list for PBXNativeTarget "CinemaTV" */ = {
			isa = XCConfigurationList;
			buildConfigurations = (
				7D422482273810E2006236F8 /* Debug */,
				7D422483273810E2006236F8 /* Release */,
			);
			defaultConfigurationIsVisible = 0;
			defaultConfigurationName = Release;
		};
		7D422484273810E2006236F8 /* Build configuration list for PBXNativeTarget "CinemaTVTests" */ = {
			isa = XCConfigurationList;
			buildConfigurations = (
				7D422485273810E2006236F8 /* Debug */,
				7D422486273810E2006236F8 /* Release */,
			);
			defaultConfigurationIsVisible = 0;
			defaultConfigurationName = Release;
		};
		7D422487273810E2006236F8 /* Build configuration list for PBXNativeTarget "CinemaTVUITests" */ = {
			isa = XCConfigurationList;
			buildConfigurations = (
				7D422488273810E2006236F8 /* Debug */,
				7D422489273810E2006236F8 /* Release */,
			);
			defaultConfigurationIsVisible = 0;
			defaultConfigurationName = Release;
		};
		FF7412A82895D66000A79C7C /* Build configuration list for PBXNativeTarget "CinemaTVWidgetExtension" */ = {
			isa = XCConfigurationList;
			buildConfigurations = (
				FF7412A62895D66000A79C7C /* Debug */,
				FF7412A72895D66000A79C7C /* Release */,
			);
			defaultConfigurationIsVisible = 0;
			defaultConfigurationName = Release;
		};
/* End XCConfigurationList section */

/* Begin XCLocalSwiftPackageReference section */
		FF21AC793008282D009764B1 /* XCLocalSwiftPackageReference "Packages/CinemaTVKit" */ = {
			isa = XCLocalSwiftPackageReference;
			relativePath = Packages/CinemaTVKit;
		};
/* End XCLocalSwiftPackageReference section */

/* Begin XCSwiftPackageProductDependency section */
		CA57C0DE0000000000000103 /* CinemaTVCore */ = {
			isa = XCSwiftPackageProductDependency;
			productName = CinemaTVCore;
		};
		FF21AC7A3008282D009764B1 /* CinemaTVCore */ = {
			isa = XCSwiftPackageProductDependency;
			productName = CinemaTVCore;
		};
		FF21AC7C3008282D009764B1 /* CinemaTVDesignSystem */ = {
			isa = XCSwiftPackageProductDependency;
			productName = CinemaTVDesignSystem;
		};
/* End XCSwiftPackageProductDependency section */
	};
	rootObject = 7D422450273810E1006236F8 /* Project object */;
}
